// !$*UTF8*$!
{
	archiveVersion = 1;
	classes = {
	};
	objectVersion = 46;
	objects = {

/* Begin PBXBuildFile section */
		E50FD8A21C053A42004D38A3 /* MapTileServerURLTemplate.swift in Sources */ = {isa = PBXBuildFile; fileRef = E50FD8A11C053A42004D38A3 /* MapTileServerURLTemplate.swift */; };
		E51397671C06945E00FD8EC1 /* WSUserLocation.swift in Sources */ = {isa = PBXBuildFile; fileRef = E51397661C06945E00FD8EC1 /* WSUserLocation.swift */; };
		E52A07271C580B1C006F80A5 /* ComposeMessageViewController.swift in Sources */ = {isa = PBXBuildFile; fileRef = E52A07261C580B1C006F80A5 /* ComposeMessageViewController.swift */; };
		E52E8A9F1C0BD25A000391AB /* HostSearchViewController+MKMapViewDelegate.swift in Sources */ = {isa = PBXBuildFile; fileRef = E52E8A9E1C0BD25A000391AB /* HostSearchViewController+MKMapViewDelegate.swift */; };
		E52E8AA11C0BD38D000391AB /* HostSearchViewController+UISearchControllerDelegate.swift in Sources */ = {isa = PBXBuildFile; fileRef = E52E8AA01C0BD38D000391AB /* HostSearchViewController+UISearchControllerDelegate.swift */; };
		E52E8AA31C0BD3F0000391AB /* HostSearchViewController+KPClusteringControllerDelegate.swift in Sources */ = {isa = PBXBuildFile; fileRef = E52E8AA21C0BD3F0000391AB /* HostSearchViewController+KPClusteringControllerDelegate.swift */; };
		E52E8AA51C0BD8BF000391AB /* HostSearchViewController+UISearchResultsUpdating.swift in Sources */ = {isa = PBXBuildFile; fileRef = E52E8AA41C0BD8BF000391AB /* HostSearchViewController+UISearchResultsUpdating.swift */; };
		E52E8AA91C0BDB18000391AB /* HostSearchViewController+WSLazyImageTableViewDataSource.swift in Sources */ = {isa = PBXBuildFile; fileRef = E52E8AA81C0BDB18000391AB /* HostSearchViewController+WSLazyImageTableViewDataSource.swift */; };
		E52E8AAF1C0D056D000391AB /* MessageThreadsTableViewController.swift in Sources */ = {isa = PBXBuildFile; fileRef = E52E8AAE1C0D056D000391AB /* MessageThreadsTableViewController.swift */; };
		E52E8AB11C0D0B1A000391AB /* MessageThreadsTableViewCell.swift in Sources */ = {isa = PBXBuildFile; fileRef = E52E8AB01C0D0B1A000391AB /* MessageThreadsTableViewCell.swift */; };
		E52E8ABE1C0E463D000391AB /* Warmshowers.xcdatamodeld in Sources */ = {isa = PBXBuildFile; fileRef = E52E8ABC1C0E463D000391AB /* Warmshowers.xcdatamodeld */; };
		E53548EA1C69713900E22C3D /* WSLoginData.swift in Sources */ = {isa = PBXBuildFile; fileRef = E53548E91C69713900E22C3D /* WSLoginData.swift */; };
		E53548EC1C69AA8E00E22C3D /* WSUserDefaultsKeys.swift in Sources */ = {isa = PBXBuildFile; fileRef = E53548EB1C69AA8E00E22C3D /* WSUserDefaultsKeys.swift */; };
		E536BFC61C7304980017E7B8 /* WSHostsByKeywordSearchManager.swift in Sources */ = {isa = PBXBuildFile; fileRef = E536BFC51C7304980017E7B8 /* WSHostsByKeywordSearchManager.swift */; };
		E53BA73C1C7554880076E825 /* WSURLSession.swift in Sources */ = {isa = PBXBuildFile; fileRef = E53BA73B1C7554880076E825 /* WSURLSession.swift */; };
		E53BA7491C769E770076E825 /* WSMapManager.swift in Sources */ = {isa = PBXBuildFile; fileRef = E53BA7481C769E770076E825 /* WSMapManager.swift */; };
		E53BA74B1C76AE8C0076E825 /* WSEntity.swift in Sources */ = {isa = PBXBuildFile; fileRef = E53BA74A1C76AE8C0076E825 /* WSEntity.swift */; };
		E54276731C3E0CC900047029 /* ComposeMessageDetailTableViewCell.swift in Sources */ = {isa = PBXBuildFile; fileRef = E54276721C3E0CC900047029 /* ComposeMessageDetailTableViewCell.swift */; };
		E54276751C3E0CE200047029 /* ComposeMessageBodyTableViewCell.swift in Sources */ = {isa = PBXBuildFile; fileRef = E54276741C3E0CE200047029 /* ComposeMessageBodyTableViewCell.swift */; };
		E54276781C3E374400047029 /* CreateFeedbackTableViewController.swift in Sources */ = {isa = PBXBuildFile; fileRef = E54276771C3E374400047029 /* CreateFeedbackTableViewController.swift */; };
		E542767C1C3E4C2A00047029 /* FeedbackOptionPickerTableViewCell.swift in Sources */ = {isa = PBXBuildFile; fileRef = E542767B1C3E4C2A00047029 /* FeedbackOptionPickerTableViewCell.swift */; };
		E542767E1C3E544600047029 /* WSRecommendationRating.swift in Sources */ = {isa = PBXBuildFile; fileRef = E542767D1C3E544600047029 /* WSRecommendationRating.swift */; };
		E54276801C3E546E00047029 /* WSRecommendationFor.swift in Sources */ = {isa = PBXBuildFile; fileRef = E542767F1C3E546E00047029 /* WSRecommendationFor.swift */; };
		E54276821C3E54BA00047029 /* WSPhoneNumberType.swift in Sources */ = {isa = PBXBuildFile; fileRef = E54276811C3E54BA00047029 /* WSPhoneNumberType.swift */; };
		E54276861C3E78E000047029 /* CreateFeedbackTableViewController+UIPickerViewDelegate.swift in Sources */ = {isa = PBXBuildFile; fileRef = E54276851C3E78E000047029 /* CreateFeedbackTableViewController+UIPickerViewDelegate.swift */; };
		E54276881C3E83E500047029 /* CreateFeedbackTableViewController+UIPickerViewDataSource.swift in Sources */ = {isa = PBXBuildFile; fileRef = E54276871C3E83E500047029 /* CreateFeedbackTableViewController+UIPickerViewDataSource.swift */; };
		E542768A1C41AAAF00047029 /* WSRecommendationMonths.swift in Sources */ = {isa = PBXBuildFile; fileRef = E54276891C41AAAF00047029 /* WSRecommendationMonths.swift */; };
		E542768C1C41B10300047029 /* FeedbackOptionTableViewCell.swift in Sources */ = {isa = PBXBuildFile; fileRef = E542768B1C41B10300047029 /* FeedbackOptionTableViewCell.swift */; };
		E542768E1C44947300047029 /* FeedbackBodyTableViewCell.swift in Sources */ = {isa = PBXBuildFile; fileRef = E542768D1C44947300047029 /* FeedbackBodyTableViewCell.swift */; };
		E54276901C44956F00047029 /* CreateFeedbackTableViewController+UITextViewDelegate.swift in Sources */ = {isa = PBXBuildFile; fileRef = E542768F1C44956F00047029 /* CreateFeedbackTableViewController+UITextViewDelegate.swift */; };
		E54A572B1BFD664A000843A9 /* Settings.bundle in Resources */ = {isa = PBXBuildFile; fileRef = E54A572A1BFD664A000843A9 /* Settings.bundle */; };
		E54A572F1BFDC446000843A9 /* WSRequests.swift in Sources */ = {isa = PBXBuildFile; fileRef = E54A572E1BFDC446000843A9 /* WSRequests.swift */; };
		E54A57311BFE6FB2000843A9 /* WSURL.swift in Sources */ = {isa = PBXBuildFile; fileRef = E54A57301BFE6FB2000843A9 /* WSURL.swift */; };
		E54A57641C03E4A4000843A9 /* AccountTableViewController.swift in Sources */ = {isa = PBXBuildFile; fileRef = E54A57631C03E4A4000843A9 /* AccountTableViewController.swift */; };
		E557D86A1C50421B00226E84 /* WSMessageUpdater.swift in Sources */ = {isa = PBXBuildFile; fileRef = E557D8691C50421B00226E84 /* WSMessageUpdater.swift */; };
		E557D86C1C50482200226E84 /* WSCSRFTokenGetter.swift in Sources */ = {isa = PBXBuildFile; fileRef = E557D86B1C50482200226E84 /* WSCSRFTokenGetter.swift */; };
		E557D86E1C504DCF00226E84 /* WSRequestWithCSRFToken.swift in Sources */ = {isa = PBXBuildFile; fileRef = E557D86D1C504DCF00226E84 /* WSRequestWithCSRFToken.swift */; };
		E569DC491C6C5E4300286055 /* WSLogoutManager.swift in Sources */ = {isa = PBXBuildFile; fileRef = E569DC481C6C5E4300286055 /* WSLogoutManager.swift */; };
		E56B06291C5ED1D4006C7BF3 /* WSMessageUpdateOperation.swift in Sources */ = {isa = PBXBuildFile; fileRef = E56B06281C5ED1D4006C7BF3 /* WSMessageUpdateOperation.swift */; };
		E56B062B1C5F0CAF006C7BF3 /* MessageThreadsTableViewController+NSFetchedResultsControllerDelegate.swift in Sources */ = {isa = PBXBuildFile; fileRef = E56B062A1C5F0CAF006C7BF3 /* MessageThreadsTableViewController+NSFetchedResultsControllerDelegate.swift */; };
		E56CC0881BFD166200AAF973 /* MapKit.framework in Frameworks */ = {isa = PBXBuildFile; fileRef = E56CC0871BFD166200AAF973 /* MapKit.framework */; };
		E56CC08A1BFD22D800AAF973 /* HostSearchViewController.swift in Sources */ = {isa = PBXBuildFile; fileRef = E56CC0891BFD22D800AAF973 /* HostSearchViewController.swift */; };
		E56CC08C1BFD2EC300AAF973 /* TabBarController.swift in Sources */ = {isa = PBXBuildFile; fileRef = E56CC08B1BFD2EC300AAF973 /* TabBarController.swift */; };
		E56CC0901BFD496400AAF973 /* SettingsTableViewController.swift in Sources */ = {isa = PBXBuildFile; fileRef = E56CC08F1BFD496400AAF973 /* SettingsTableViewController.swift */; };
		E56CC0921BFD569500AAF973 /* SwitchTableViewCell.swift in Sources */ = {isa = PBXBuildFile; fileRef = E56CC0911BFD569500AAF973 /* SwitchTableViewCell.swift */; };
		E5700C521C44CB64008C8A87 /* ComposeMessageViewController+UITextViewDelegate.swift in Sources */ = {isa = PBXBuildFile; fileRef = E5700C511C44CB64008C8A87 /* ComposeMessageViewController+UITextViewDelegate.swift */; };
		E5700C541C44EE51008C8A87 /* ComposeMessageViewController+UITextFieldDelegate.swift in Sources */ = {isa = PBXBuildFile; fileRef = E5700C531C44EE51008C8A87 /* ComposeMessageViewController+UITextFieldDelegate.swift */; };
		E5700C581C45C057008C8A87 /* HostListTableViewController.swift in Sources */ = {isa = PBXBuildFile; fileRef = E5700C571C45C057008C8A87 /* HostListTableViewController.swift */; };
		E5700C5A1C45C961008C8A87 /* HostListTableViewCell.swift in Sources */ = {isa = PBXBuildFile; fileRef = E5700C591C45C961008C8A87 /* HostListTableViewCell.swift */; };
		E5967B9F1C3490740037F4B7 /* WSOffers.swift in Sources */ = {isa = PBXBuildFile; fileRef = E5967B9E1C3490740037F4B7 /* WSOffers.swift */; };
		E5967BA11C35D59C0037F4B7 /* WSHostingInfo.swift in Sources */ = {isa = PBXBuildFile; fileRef = E5967BA01C35D59C0037F4B7 /* WSHostingInfo.swift */; };
		E5967BA31C361A9F0037F4B7 /* ContactTableViewCell.swift in Sources */ = {isa = PBXBuildFile; fileRef = E5967BA21C361A9F0037F4B7 /* ContactTableViewCell.swift */; };
		E5967BA51C361D2B0037F4B7 /* WSPhoneContacts.swift in Sources */ = {isa = PBXBuildFile; fileRef = E5967BA41C361D2B0037F4B7 /* WSPhoneContacts.swift */; };
		E5967BA71C3620470037F4B7 /* WSPhoneNumber.swift in Sources */ = {isa = PBXBuildFile; fileRef = E5967BA61C3620470037F4B7 /* WSPhoneNumber.swift */; };
		E5967BA91C36910C0037F4B7 /* AvailabilityTableViewCell.swift in Sources */ = {isa = PBXBuildFile; fileRef = E5967BA81C36910C0037F4B7 /* AvailabilityTableViewCell.swift */; };
		E5967BAB1C38814F0037F4B7 /* WSTimeInterval.swift in Sources */ = {isa = PBXBuildFile; fileRef = E5967BAA1C38814F0037F4B7 /* WSTimeInterval.swift */; };
		E5967BB21C38A11E0037F4B7 /* FeedbackTableViewController.swift in Sources */ = {isa = PBXBuildFile; fileRef = E5967BB11C38A11E0037F4B7 /* FeedbackTableViewController.swift */; };
		E5967BB41C38A8ED0037F4B7 /* WSRecommendation.swift in Sources */ = {isa = PBXBuildFile; fileRef = E5967BB31C38A8ED0037F4B7 /* WSRecommendation.swift */; };
		E5967BB81C38C0FA0037F4B7 /* FeedbackTableViewCell.swift in Sources */ = {isa = PBXBuildFile; fileRef = E5967BB71C38C0FA0037F4B7 /* FeedbackTableViewCell.swift */; };
		E5967BBB1C3922170037F4B7 /* MessageThreadTableViewController.swift in Sources */ = {isa = PBXBuildFile; fileRef = E5967BBA1C3922170037F4B7 /* MessageThreadTableViewController.swift */; };
		E5967BBD1C39BFF30037F4B7 /* MessageTableViewCell.swift in Sources */ = {isa = PBXBuildFile; fileRef = E5967BBC1C39BFF30037F4B7 /* MessageTableViewCell.swift */; };
		E5967BCA1C39DBC00037F4B7 /* CDWSMessageThread+CoreDataProperties.swift in Sources */ = {isa = PBXBuildFile; fileRef = E5967BC41C39DBC00037F4B7 /* CDWSMessageThread+CoreDataProperties.swift */; };
		E5967BCB1C39DBC00037F4B7 /* CDWSMessageThread.swift in Sources */ = {isa = PBXBuildFile; fileRef = E5967BC51C39DBC00037F4B7 /* CDWSMessageThread.swift */; };
		E5967BCC1C39DBC00037F4B7 /* CDWSMessage+CoreDataProperties.swift in Sources */ = {isa = PBXBuildFile; fileRef = E5967BC61C39DBC00037F4B7 /* CDWSMessage+CoreDataProperties.swift */; };
		E5967BCD1C39DBC00037F4B7 /* CDWSMessage.swift in Sources */ = {isa = PBXBuildFile; fileRef = E5967BC71C39DBC00037F4B7 /* CDWSMessage.swift */; };
		E5967BCE1C39DBC00037F4B7 /* CDWSUser+CoreDataProperties.swift in Sources */ = {isa = PBXBuildFile; fileRef = E5967BC81C39DBC00037F4B7 /* CDWSUser+CoreDataProperties.swift */; };
		E5967BCF1C39DBC00037F4B7 /* CDWSUser.swift in Sources */ = {isa = PBXBuildFile; fileRef = E5967BC91C39DBC00037F4B7 /* CDWSUser.swift */; };
		E598987B1C97EDC200AFB089 /* CDWSMapTile+CoreDataProperties.swift in Sources */ = {isa = PBXBuildFile; fileRef = E59898791C97EDC200AFB089 /* CDWSMapTile+CoreDataProperties.swift */; };
		E598987C1C97EDC200AFB089 /* CDWSMapTile.swift in Sources */ = {isa = PBXBuildFile; fileRef = E598987A1C97EDC200AFB089 /* CDWSMapTile.swift */; };
		E59898811C9A9BFA00AFB089 /* WSMapManager+CCHMapClusterController.swift in Sources */ = {isa = PBXBuildFile; fileRef = E59898801C9A9BFA00AFB089 /* WSMapManager+CCHMapClusterController.swift */; };
		E5A84A671C8E0A1D007609A9 /* WSMapTile.swift in Sources */ = {isa = PBXBuildFile; fileRef = E5A84A661C8E0A1D007609A9 /* WSMapTile.swift */; };
		E5A84A691C8E0AE9007609A9 /* MKMapView+Warmshowers.swift in Sources */ = {isa = PBXBuildFile; fileRef = E5A84A681C8E0AE9007609A9 /* MKMapView+Warmshowers.swift */; };
		E5A84A6B1C8FBCE1007609A9 /* WSUser.swift in Sources */ = {isa = PBXBuildFile; fileRef = E5A84A6A1C8FBCE1007609A9 /* WSUser.swift */; };
		E5A9F11C1C532BC5006D6499 /* WSMessageThreadsUpdater.swift in Sources */ = {isa = PBXBuildFile; fileRef = E5A9F11B1C532BC5006D6499 /* WSMessageThreadsUpdater.swift */; };
		E5A9F1211C55F79A006D6499 /* WSProgressHUD.swift in Sources */ = {isa = PBXBuildFile; fileRef = E5A9F1201C55F79A006D6499 /* WSProgressHUD.swift */; };
		E5A9F1231C561971006D6499 /* WSHostsOnMapSearchManager.swift in Sources */ = {isa = PBXBuildFile; fileRef = E5A9F1221C561971006D6499 /* WSHostsOnMapSearchManager.swift */; };
		E5AF1A881C58A41A0004806A /* MessageThreadTableViewController+UITableViewDataSource.swift in Sources */ = {isa = PBXBuildFile; fileRef = E5AF1A871C58A41A0004806A /* MessageThreadTableViewController+UITableViewDataSource.swift */; };
		E5AF1A8A1C58A44E0004806A /* MessageThreadsTableViewController+UITableViewDataSource.swift in Sources */ = {isa = PBXBuildFile; fileRef = E5AF1A891C58A44E0004806A /* MessageThreadsTableViewController+UITableViewDataSource.swift */; };
		E5AF1A8D1C58A49A0004806A /* MessageThreadsTableViewController+UITableViewDelegate.swift in Sources */ = {isa = PBXBuildFile; fileRef = E5AF1A8C1C58A49A0004806A /* MessageThreadsTableViewController+UITableViewDelegate.swift */; };
		E5AF67061C56C24B00AC17A1 /* WSRequestDelegate.swift in Sources */ = {isa = PBXBuildFile; fileRef = E5AF67051C56C24B00AC17A1 /* WSRequestDelegate.swift */; };
		E5AF67081C56DD7F00AC17A1 /* WSLoginManager.swift in Sources */ = {isa = PBXBuildFile; fileRef = E5AF67071C56DD7F00AC17A1 /* WSLoginManager.swift */; };
		E5AF670A1C576C6300AC17A1 /* ComposeMessageViewController+UITableViewDataSource.swift in Sources */ = {isa = PBXBuildFile; fileRef = E5AF67091C576C6300AC17A1 /* ComposeMessageViewController+UITableViewDataSource.swift */; };
		E5AF670C1C576CAE00AC17A1 /* ComposeMessageViewController+UITableViewDelegate.swift in Sources */ = {isa = PBXBuildFile; fileRef = E5AF670B1C576CAE00AC17A1 /* ComposeMessageViewController+UITableViewDelegate.swift */; };
		E5AF670E1C5775B100AC17A1 /* WSMessageSender.swift in Sources */ = {isa = PBXBuildFile; fileRef = E5AF670D1C5775B100AC17A1 /* WSMessageSender.swift */; };
		E5D961521C61FC75004E1F31 /* WSStore.swift in Sources */ = {isa = PBXBuildFile; fileRef = E5D961511C61FC75004E1F31 /* WSStore.swift */; };
		E5D961541C62BFD4004E1F31 /* MessageThreadTableViewController+NSFetchedResultsControllerDelegate.swift in Sources */ = {isa = PBXBuildFile; fileRef = E5D961531C62BFD4004E1F31 /* MessageThreadTableViewController+NSFetchedResultsControllerDelegate.swift */; };
		E5D96AF81BFB1CA700AFAFEE /* AppDelegate.swift in Sources */ = {isa = PBXBuildFile; fileRef = E5D96AF71BFB1CA700AFAFEE /* AppDelegate.swift */; };
		E5D96AFF1BFB1CA700AFAFEE /* Main.storyboard in Resources */ = {isa = PBXBuildFile; fileRef = E5D96AFD1BFB1CA700AFAFEE /* Main.storyboard */; };
		E5D96B011BFB1CA700AFAFEE /* Assets.xcassets in Resources */ = {isa = PBXBuildFile; fileRef = E5D96B001BFB1CA700AFAFEE /* Assets.xcassets */; };
		E5D96B041BFB1CA700AFAFEE /* LaunchScreen.storyboard in Resources */ = {isa = PBXBuildFile; fileRef = E5D96B021BFB1CA700AFAFEE /* LaunchScreen.storyboard */; };
		E5D96B0F1BFB1CA700AFAFEE /* WarmshowersTests.swift in Sources */ = {isa = PBXBuildFile; fileRef = E5D96B0E1BFB1CA700AFAFEE /* WarmshowersTests.swift */; };
		E5D96B1A1BFB1CA700AFAFEE /* WarmshowersUITests.swift in Sources */ = {isa = PBXBuildFile; fileRef = E5D96B191BFB1CA700AFAFEE /* WarmshowersUITests.swift */; };
		E5D96B281BFC493B00AFAFEE /* LoginViewController.swift in Sources */ = {isa = PBXBuildFile; fileRef = E5D96B271BFC493B00AFAFEE /* LoginViewController.swift */; };
		E5DA03A71C46FCBB00FAD1D7 /* WSColor.swift in Sources */ = {isa = PBXBuildFile; fileRef = E5DA03A61C46FCBB00FAD1D7 /* WSColor.swift */; };
		E5DA03CB1C48534300FAD1D7 /* WSLazyImageDownloader.swift in Sources */ = {isa = PBXBuildFile; fileRef = E5DA03CA1C48534300FAD1D7 /* WSLazyImageDownloader.swift */; };
		E5DA03D11C4887E700FAD1D7 /* WSLazyImageTableViewController.swift in Sources */ = {isa = PBXBuildFile; fileRef = E5DA03D01C4887E700FAD1D7 /* WSLazyImageTableViewController.swift */; };
		E5DA03D41C48893400FAD1D7 /* WSLazyImageTableViewController+UIScrollViewDelegate.swift in Sources */ = {isa = PBXBuildFile; fileRef = E5DA03D31C48893400FAD1D7 /* WSLazyImageTableViewController+UIScrollViewDelegate.swift */; };
		E5DA03D61C48899700FAD1D7 /* WSLazyImageTableViewController+UITableViewDataSource.swift in Sources */ = {isa = PBXBuildFile; fileRef = E5DA03D51C48899700FAD1D7 /* WSLazyImageTableViewController+UITableViewDataSource.swift */; };
		E5DA03D81C488AE900FAD1D7 /* WSLazyImageTableViewCell.swift in Sources */ = {isa = PBXBuildFile; fileRef = E5DA03D71C488AE900FAD1D7 /* WSLazyImageTableViewCell.swift */; };
		E5DA03DA1C488CA000FAD1D7 /* WSLazyImage.swift in Sources */ = {isa = PBXBuildFile; fileRef = E5DA03D91C488CA000FAD1D7 /* WSLazyImage.swift */; };
		E5DA03E01C490ECC00FAD1D7 /* HostListTableViewController+UITableViewDataSource.swift in Sources */ = {isa = PBXBuildFile; fileRef = E5DA03DF1C490ECC00FAD1D7 /* HostListTableViewController+UITableViewDataSource.swift */; };
		E5DA03E21C49185000FAD1D7 /* WSUserLocation+WSLazyImage.swift in Sources */ = {isa = PBXBuildFile; fileRef = E5DA03E11C49185000FAD1D7 /* WSUserLocation+WSLazyImage.swift */; };
		E5DA03E41C49187600FAD1D7 /* WSUserLocation+MKAnnotation.swift in Sources */ = {isa = PBXBuildFile; fileRef = E5DA03E31C49187600FAD1D7 /* WSUserLocation+MKAnnotation.swift */; };
		E5DA03E61C49A5CA00FAD1D7 /* WSRecommendation+WSLazyImage.swift in Sources */ = {isa = PBXBuildFile; fileRef = E5DA03E51C49A5CA00FAD1D7 /* WSRecommendation+WSLazyImage.swift */; };
		E5DA03E81C49AE5300FAD1D7 /* HostListTableViewCell+WSLazyImageTableViewCell.swift in Sources */ = {isa = PBXBuildFile; fileRef = E5DA03E71C49AE5300FAD1D7 /* HostListTableViewCell+WSLazyImageTableViewCell.swift */; };
		E5DA03EA1C49AF1000FAD1D7 /* FeedbackTableViewCell+WSLazyImageTableViewCell.swift in Sources */ = {isa = PBXBuildFile; fileRef = E5DA03E91C49AF1000FAD1D7 /* FeedbackTableViewCell+WSLazyImageTableViewCell.swift */; };
		E5DA03EC1C49BA3000FAD1D7 /* FeedbackTableViewController+UITableViewCellDataSource.swift in Sources */ = {isa = PBXBuildFile; fileRef = E5DA03EB1C49BA3000FAD1D7 /* FeedbackTableViewController+UITableViewCellDataSource.swift */; };
		E5DA03EE1C49C66A00FAD1D7 /* Sue Ellen Francisco.ttf in Resources */ = {isa = PBXBuildFile; fileRef = E5DA03ED1C49C59500FAD1D7 /* Sue Ellen Francisco.ttf */; };
		E5DA03F01C49C7A200FAD1D7 /* WSFont.swift in Sources */ = {isa = PBXBuildFile; fileRef = E5DA03EF1C49C7A200FAD1D7 /* WSFont.swift */; };
		E5DA03F21C49FA6500FAD1D7 /* WSLazyImageTableViewDataSource.swift in Sources */ = {isa = PBXBuildFile; fileRef = E5DA03F11C49FA6500FAD1D7 /* WSLazyImageTableViewDataSource.swift */; };
		E5DA03F41C4A412C00FAD1D7 /* WSRequester.swift in Sources */ = {isa = PBXBuildFile; fileRef = E5DA03F31C4A412C00FAD1D7 /* WSRequester.swift */; };
		E5DA03FD1C4C947100FAD1D7 /* WSSettings.swift in Sources */ = {isa = PBXBuildFile; fileRef = E5DA03FC1C4C947100FAD1D7 /* WSSettings.swift */; };
		E5DA03FF1C4CA9CF00FAD1D7 /* WSDistance.swift in Sources */ = {isa = PBXBuildFile; fileRef = E5DA03FE1C4CA9CF00FAD1D7 /* WSDistance.swift */; };
		E5DA04011C4CDE6500FAD1D7 /* SpinnerTableViewCell.swift in Sources */ = {isa = PBXBuildFile; fileRef = E5DA04001C4CDE6500FAD1D7 /* SpinnerTableViewCell.swift */; };
		E5DA04031C4CE6B500FAD1D7 /* PlaceholderTableViewCell.swift in Sources */ = {isa = PBXBuildFile; fileRef = E5DA04021C4CE6B500FAD1D7 /* PlaceholderTableViewCell.swift */; };
		E5DA04051C4DA8D000FAD1D7 /* WSMapSource.swift in Sources */ = {isa = PBXBuildFile; fileRef = E5DA04041C4DA8D000FAD1D7 /* WSMapSource.swift */; };
		E5DA040C1C4DCBE700FAD1D7 /* WSColoredDot.swift in Sources */ = {isa = PBXBuildFile; fileRef = E5DA040B1C4DCBE700FAD1D7 /* WSColoredDot.swift */; };
		E5DF37C21C6C1E6C00D5F509 /* WSMessageThreadMarker.swift in Sources */ = {isa = PBXBuildFile; fileRef = E5DF37C11C6C1E6C00D5F509 /* WSMessageThreadMarker.swift */; };
		E5DF37C41C6C315700D5F509 /* WSFeedbackSender.swift in Sources */ = {isa = PBXBuildFile; fileRef = E5DF37C31C6C315700D5F509 /* WSFeedbackSender.swift */; };
		E5F6F30A1C2B36930000A87E /* WSRestfulService.swift in Sources */ = {isa = PBXBuildFile; fileRef = E5F6F3091C2B36930000A87E /* WSRestfulService.swift */; };
		E5F6F30D1C2FE2770000A87E /* AccountDetailTableViewCell.swift in Sources */ = {isa = PBXBuildFile; fileRef = E5F6F30C1C2FE2770000A87E /* AccountDetailTableViewCell.swift */; };
		E5F6F30F1C2FE3360000A87E /* ProfileImageTableViewCell.swift in Sources */ = {isa = PBXBuildFile; fileRef = E5F6F30E1C2FE3360000A87E /* ProfileImageTableViewCell.swift */; };
		E5F6F3111C3122740000A87E /* HostingInfoTableViewCell.swift in Sources */ = {isa = PBXBuildFile; fileRef = E5F6F3101C3122740000A87E /* HostingInfoTableViewCell.swift */; };
		E5F6F3131C3124230000A87E /* HostOfferTableViewCell.swift in Sources */ = {isa = PBXBuildFile; fileRef = E5F6F3121C3124230000A87E /* HostOfferTableViewCell.swift */; };
		E5F6F3151C313F340000A87E /* SegmentTableViewCell.swift in Sources */ = {isa = PBXBuildFile; fileRef = E5F6F3141C313F340000A87E /* SegmentTableViewCell.swift */; };
		E5F6F3171C3140BD0000A87E /* AboutTableViewCell.swift in Sources */ = {isa = PBXBuildFile; fileRef = E5F6F3161C3140BD0000A87E /* AboutTableViewCell.swift */; };
		E5F6F3191C3289060000A87E /* AccountTableViewController+SegmentTableViewCellActions.swift in Sources */ = {isa = PBXBuildFile; fileRef = E5F6F3181C3289060000A87E /* AccountTableViewController+SegmentTableViewCellActions.swift */; };
		F7C27CFBDC875EAEF018DAAC /* Pods.framework in Frameworks */ = {isa = PBXBuildFile; fileRef = A17687885A5BDB7132D6EBF2 /* Pods.framework */; };
/* End PBXBuildFile section */

/* Begin PBXContainerItemProxy section */
		E5D96B0B1BFB1CA700AFAFEE /* PBXContainerItemProxy */ = {
			isa = PBXContainerItemProxy;
			containerPortal = E5D96AEC1BFB1CA700AFAFEE /* Project object */;
			proxyType = 1;
			remoteGlobalIDString = E5D96AF31BFB1CA700AFAFEE;
			remoteInfo = Warmshowers;
		};
		E5D96B161BFB1CA700AFAFEE /* PBXContainerItemProxy */ = {
			isa = PBXContainerItemProxy;
			containerPortal = E5D96AEC1BFB1CA700AFAFEE /* Project object */;
			proxyType = 1;
			remoteGlobalIDString = E5D96AF31BFB1CA700AFAFEE;
			remoteInfo = Warmshowers;
		};
/* End PBXContainerItemProxy section */

/* Begin PBXFileReference section */
		67B2E52709A5EFB71A7262A4 /* Pods.release.xcconfig */ = {isa = PBXFileReference; includeInIndex = 1; lastKnownFileType = text.xcconfig; name = Pods.release.xcconfig; path = "Pods/Target Support Files/Pods/Pods.release.xcconfig"; sourceTree = "<group>"; };
		A17687885A5BDB7132D6EBF2 /* Pods.framework */ = {isa = PBXFileReference; explicitFileType = wrapper.framework; includeInIndex = 0; path = Pods.framework; sourceTree = BUILT_PRODUCTS_DIR; };
		E3FB3CCF89A82EEE1EDC2F21 /* Pods.debug.xcconfig */ = {isa = PBXFileReference; includeInIndex = 1; lastKnownFileType = text.xcconfig; name = Pods.debug.xcconfig; path = "Pods/Target Support Files/Pods/Pods.debug.xcconfig"; sourceTree = "<group>"; };
		E50FD8A11C053A42004D38A3 /* MapTileServerURLTemplate.swift */ = {isa = PBXFileReference; fileEncoding = 4; lastKnownFileType = sourcecode.swift; path = MapTileServerURLTemplate.swift; sourceTree = "<group>"; };
		E51397661C06945E00FD8EC1 /* WSUserLocation.swift */ = {isa = PBXFileReference; fileEncoding = 4; lastKnownFileType = sourcecode.swift; path = WSUserLocation.swift; sourceTree = "<group>"; };
		E52A07261C580B1C006F80A5 /* ComposeMessageViewController.swift */ = {isa = PBXFileReference; fileEncoding = 4; lastKnownFileType = sourcecode.swift; path = ComposeMessageViewController.swift; sourceTree = "<group>"; };
		E52E8A991C071CE8000391AB /* kingpin-Bridging-Header.h */ = {isa = PBXFileReference; lastKnownFileType = sourcecode.c.h; path = "kingpin-Bridging-Header.h"; sourceTree = "<group>"; };
		E52E8A9E1C0BD25A000391AB /* HostSearchViewController+MKMapViewDelegate.swift */ = {isa = PBXFileReference; fileEncoding = 4; lastKnownFileType = sourcecode.swift; path = "HostSearchViewController+MKMapViewDelegate.swift"; sourceTree = "<group>"; };
		E52E8AA01C0BD38D000391AB /* HostSearchViewController+UISearchControllerDelegate.swift */ = {isa = PBXFileReference; fileEncoding = 4; lastKnownFileType = sourcecode.swift; path = "HostSearchViewController+UISearchControllerDelegate.swift"; sourceTree = "<group>"; };
		E52E8AA21C0BD3F0000391AB /* HostSearchViewController+KPClusteringControllerDelegate.swift */ = {isa = PBXFileReference; fileEncoding = 4; lastKnownFileType = sourcecode.swift; path = "HostSearchViewController+KPClusteringControllerDelegate.swift"; sourceTree = "<group>"; };
		E52E8AA41C0BD8BF000391AB /* HostSearchViewController+UISearchResultsUpdating.swift */ = {isa = PBXFileReference; fileEncoding = 4; lastKnownFileType = sourcecode.swift; path = "HostSearchViewController+UISearchResultsUpdating.swift"; sourceTree = "<group>"; };
		E52E8AA81C0BDB18000391AB /* HostSearchViewController+WSLazyImageTableViewDataSource.swift */ = {isa = PBXFileReference; fileEncoding = 4; lastKnownFileType = sourcecode.swift; path = "HostSearchViewController+WSLazyImageTableViewDataSource.swift"; sourceTree = "<group>"; };
		E52E8AAE1C0D056D000391AB /* MessageThreadsTableViewController.swift */ = {isa = PBXFileReference; fileEncoding = 4; lastKnownFileType = sourcecode.swift; path = MessageThreadsTableViewController.swift; sourceTree = "<group>"; };
		E52E8AB01C0D0B1A000391AB /* MessageThreadsTableViewCell.swift */ = {isa = PBXFileReference; fileEncoding = 4; lastKnownFileType = sourcecode.swift; path = MessageThreadsTableViewCell.swift; sourceTree = "<group>"; };
		E52E8ABD1C0E463D000391AB /* Warmshowers.xcdatamodel */ = {isa = PBXFileReference; lastKnownFileType = wrapper.xcdatamodel; path = Warmshowers.xcdatamodel; sourceTree = "<group>"; };
		E53548E91C69713900E22C3D /* WSLoginData.swift */ = {isa = PBXFileReference; fileEncoding = 4; lastKnownFileType = sourcecode.swift; path = WSLoginData.swift; sourceTree = "<group>"; };
		E53548EB1C69AA8E00E22C3D /* WSUserDefaultsKeys.swift */ = {isa = PBXFileReference; fileEncoding = 4; lastKnownFileType = sourcecode.swift; path = WSUserDefaultsKeys.swift; sourceTree = "<group>"; };
		E536BFC51C7304980017E7B8 /* WSHostsByKeywordSearchManager.swift */ = {isa = PBXFileReference; fileEncoding = 4; lastKnownFileType = sourcecode.swift; path = WSHostsByKeywordSearchManager.swift; sourceTree = "<group>"; };
		E53BA73B1C7554880076E825 /* WSURLSession.swift */ = {isa = PBXFileReference; fileEncoding = 4; lastKnownFileType = sourcecode.swift; path = WSURLSession.swift; sourceTree = "<group>"; };
		E53BA7481C769E770076E825 /* WSMapManager.swift */ = {isa = PBXFileReference; fileEncoding = 4; lastKnownFileType = sourcecode.swift; path = WSMapManager.swift; sourceTree = "<group>"; };
		E53BA74A1C76AE8C0076E825 /* WSEntity.swift */ = {isa = PBXFileReference; fileEncoding = 4; lastKnownFileType = sourcecode.swift; path = WSEntity.swift; sourceTree = "<group>"; };
		E54276721C3E0CC900047029 /* ComposeMessageDetailTableViewCell.swift */ = {isa = PBXFileReference; fileEncoding = 4; lastKnownFileType = sourcecode.swift; path = ComposeMessageDetailTableViewCell.swift; sourceTree = "<group>"; };
		E54276741C3E0CE200047029 /* ComposeMessageBodyTableViewCell.swift */ = {isa = PBXFileReference; fileEncoding = 4; lastKnownFileType = sourcecode.swift; path = ComposeMessageBodyTableViewCell.swift; sourceTree = "<group>"; };
		E54276771C3E374400047029 /* CreateFeedbackTableViewController.swift */ = {isa = PBXFileReference; fileEncoding = 4; lastKnownFileType = sourcecode.swift; path = CreateFeedbackTableViewController.swift; sourceTree = "<group>"; };
		E542767B1C3E4C2A00047029 /* FeedbackOptionPickerTableViewCell.swift */ = {isa = PBXFileReference; fileEncoding = 4; lastKnownFileType = sourcecode.swift; path = FeedbackOptionPickerTableViewCell.swift; sourceTree = "<group>"; };
		E542767D1C3E544600047029 /* WSRecommendationRating.swift */ = {isa = PBXFileReference; fileEncoding = 4; lastKnownFileType = sourcecode.swift; path = WSRecommendationRating.swift; sourceTree = "<group>"; };
		E542767F1C3E546E00047029 /* WSRecommendationFor.swift */ = {isa = PBXFileReference; fileEncoding = 4; lastKnownFileType = sourcecode.swift; path = WSRecommendationFor.swift; sourceTree = "<group>"; };
		E54276811C3E54BA00047029 /* WSPhoneNumberType.swift */ = {isa = PBXFileReference; fileEncoding = 4; lastKnownFileType = sourcecode.swift; path = WSPhoneNumberType.swift; sourceTree = "<group>"; };
		E54276851C3E78E000047029 /* CreateFeedbackTableViewController+UIPickerViewDelegate.swift */ = {isa = PBXFileReference; fileEncoding = 4; lastKnownFileType = sourcecode.swift; path = "CreateFeedbackTableViewController+UIPickerViewDelegate.swift"; sourceTree = "<group>"; };
		E54276871C3E83E500047029 /* CreateFeedbackTableViewController+UIPickerViewDataSource.swift */ = {isa = PBXFileReference; fileEncoding = 4; lastKnownFileType = sourcecode.swift; path = "CreateFeedbackTableViewController+UIPickerViewDataSource.swift"; sourceTree = "<group>"; };
		E54276891C41AAAF00047029 /* WSRecommendationMonths.swift */ = {isa = PBXFileReference; fileEncoding = 4; lastKnownFileType = sourcecode.swift; path = WSRecommendationMonths.swift; sourceTree = "<group>"; };
		E542768B1C41B10300047029 /* FeedbackOptionTableViewCell.swift */ = {isa = PBXFileReference; fileEncoding = 4; lastKnownFileType = sourcecode.swift; path = FeedbackOptionTableViewCell.swift; sourceTree = "<group>"; };
		E542768D1C44947300047029 /* FeedbackBodyTableViewCell.swift */ = {isa = PBXFileReference; fileEncoding = 4; lastKnownFileType = sourcecode.swift; path = FeedbackBodyTableViewCell.swift; sourceTree = "<group>"; };
		E542768F1C44956F00047029 /* CreateFeedbackTableViewController+UITextViewDelegate.swift */ = {isa = PBXFileReference; fileEncoding = 4; lastKnownFileType = sourcecode.swift; path = "CreateFeedbackTableViewController+UITextViewDelegate.swift"; sourceTree = "<group>"; };
		E54A572A1BFD664A000843A9 /* Settings.bundle */ = {isa = PBXFileReference; lastKnownFileType = "wrapper.plug-in"; path = Settings.bundle; sourceTree = "<group>"; };
		E54A572E1BFDC446000843A9 /* WSRequests.swift */ = {isa = PBXFileReference; fileEncoding = 4; lastKnownFileType = sourcecode.swift; path = WSRequests.swift; sourceTree = "<group>"; };
		E54A57301BFE6FB2000843A9 /* WSURL.swift */ = {isa = PBXFileReference; fileEncoding = 4; lastKnownFileType = sourcecode.swift; path = WSURL.swift; sourceTree = "<group>"; };
		E54A57631C03E4A4000843A9 /* AccountTableViewController.swift */ = {isa = PBXFileReference; fileEncoding = 4; lastKnownFileType = sourcecode.swift; path = AccountTableViewController.swift; sourceTree = "<group>"; };
		E557D8691C50421B00226E84 /* WSMessageUpdater.swift */ = {isa = PBXFileReference; fileEncoding = 4; lastKnownFileType = sourcecode.swift; path = WSMessageUpdater.swift; sourceTree = "<group>"; };
		E557D86B1C50482200226E84 /* WSCSRFTokenGetter.swift */ = {isa = PBXFileReference; fileEncoding = 4; lastKnownFileType = sourcecode.swift; path = WSCSRFTokenGetter.swift; sourceTree = "<group>"; };
		E557D86D1C504DCF00226E84 /* WSRequestWithCSRFToken.swift */ = {isa = PBXFileReference; fileEncoding = 4; lastKnownFileType = sourcecode.swift; path = WSRequestWithCSRFToken.swift; sourceTree = "<group>"; };
		E569DC481C6C5E4300286055 /* WSLogoutManager.swift */ = {isa = PBXFileReference; fileEncoding = 4; lastKnownFileType = sourcecode.swift; path = WSLogoutManager.swift; sourceTree = "<group>"; };
		E56B06281C5ED1D4006C7BF3 /* WSMessageUpdateOperation.swift */ = {isa = PBXFileReference; fileEncoding = 4; lastKnownFileType = sourcecode.swift; path = WSMessageUpdateOperation.swift; sourceTree = "<group>"; };
		E56B062A1C5F0CAF006C7BF3 /* MessageThreadsTableViewController+NSFetchedResultsControllerDelegate.swift */ = {isa = PBXFileReference; fileEncoding = 4; lastKnownFileType = sourcecode.swift; path = "MessageThreadsTableViewController+NSFetchedResultsControllerDelegate.swift"; sourceTree = "<group>"; };
		E56CC0871BFD166200AAF973 /* MapKit.framework */ = {isa = PBXFileReference; lastKnownFileType = wrapper.framework; name = MapKit.framework; path = System/Library/Frameworks/MapKit.framework; sourceTree = SDKROOT; };
		E56CC0891BFD22D800AAF973 /* HostSearchViewController.swift */ = {isa = PBXFileReference; fileEncoding = 4; lastKnownFileType = sourcecode.swift; path = HostSearchViewController.swift; sourceTree = "<group>"; };
		E56CC08B1BFD2EC300AAF973 /* TabBarController.swift */ = {isa = PBXFileReference; fileEncoding = 4; lastKnownFileType = sourcecode.swift; path = TabBarController.swift; sourceTree = "<group>"; };
		E56CC08F1BFD496400AAF973 /* SettingsTableViewController.swift */ = {isa = PBXFileReference; fileEncoding = 4; lastKnownFileType = sourcecode.swift; path = SettingsTableViewController.swift; sourceTree = "<group>"; };
		E56CC0911BFD569500AAF973 /* SwitchTableViewCell.swift */ = {isa = PBXFileReference; fileEncoding = 4; lastKnownFileType = sourcecode.swift; path = SwitchTableViewCell.swift; sourceTree = "<group>"; };
		E5700C511C44CB64008C8A87 /* ComposeMessageViewController+UITextViewDelegate.swift */ = {isa = PBXFileReference; fileEncoding = 4; lastKnownFileType = sourcecode.swift; path = "ComposeMessageViewController+UITextViewDelegate.swift"; sourceTree = "<group>"; };
		E5700C531C44EE51008C8A87 /* ComposeMessageViewController+UITextFieldDelegate.swift */ = {isa = PBXFileReference; fileEncoding = 4; lastKnownFileType = sourcecode.swift; path = "ComposeMessageViewController+UITextFieldDelegate.swift"; sourceTree = "<group>"; };
		E5700C551C44F083008C8A87 /* MBProgressHUD-Bridging-Header.h */ = {isa = PBXFileReference; lastKnownFileType = sourcecode.c.h; path = "MBProgressHUD-Bridging-Header.h"; sourceTree = "<group>"; };
		E5700C571C45C057008C8A87 /* HostListTableViewController.swift */ = {isa = PBXFileReference; fileEncoding = 4; lastKnownFileType = sourcecode.swift; path = HostListTableViewController.swift; sourceTree = "<group>"; };
		E5700C591C45C961008C8A87 /* HostListTableViewCell.swift */ = {isa = PBXFileReference; fileEncoding = 4; lastKnownFileType = sourcecode.swift; path = HostListTableViewCell.swift; sourceTree = "<group>"; };
		E5967B9E1C3490740037F4B7 /* WSOffers.swift */ = {isa = PBXFileReference; fileEncoding = 4; lastKnownFileType = sourcecode.swift; path = WSOffers.swift; sourceTree = "<group>"; };
		E5967BA01C35D59C0037F4B7 /* WSHostingInfo.swift */ = {isa = PBXFileReference; fileEncoding = 4; lastKnownFileType = sourcecode.swift; path = WSHostingInfo.swift; sourceTree = "<group>"; };
		E5967BA21C361A9F0037F4B7 /* ContactTableViewCell.swift */ = {isa = PBXFileReference; fileEncoding = 4; lastKnownFileType = sourcecode.swift; path = ContactTableViewCell.swift; sourceTree = "<group>"; };
		E5967BA41C361D2B0037F4B7 /* WSPhoneContacts.swift */ = {isa = PBXFileReference; fileEncoding = 4; lastKnownFileType = sourcecode.swift; path = WSPhoneContacts.swift; sourceTree = "<group>"; };
		E5967BA61C3620470037F4B7 /* WSPhoneNumber.swift */ = {isa = PBXFileReference; fileEncoding = 4; lastKnownFileType = sourcecode.swift; path = WSPhoneNumber.swift; sourceTree = "<group>"; };
		E5967BA81C36910C0037F4B7 /* AvailabilityTableViewCell.swift */ = {isa = PBXFileReference; fileEncoding = 4; lastKnownFileType = sourcecode.swift; path = AvailabilityTableViewCell.swift; sourceTree = "<group>"; };
		E5967BAA1C38814F0037F4B7 /* WSTimeInterval.swift */ = {isa = PBXFileReference; fileEncoding = 4; lastKnownFileType = sourcecode.swift; path = WSTimeInterval.swift; sourceTree = "<group>"; };
		E5967BB11C38A11E0037F4B7 /* FeedbackTableViewController.swift */ = {isa = PBXFileReference; fileEncoding = 4; lastKnownFileType = sourcecode.swift; path = FeedbackTableViewController.swift; sourceTree = "<group>"; };
		E5967BB31C38A8ED0037F4B7 /* WSRecommendation.swift */ = {isa = PBXFileReference; fileEncoding = 4; lastKnownFileType = sourcecode.swift; path = WSRecommendation.swift; sourceTree = "<group>"; };
		E5967BB71C38C0FA0037F4B7 /* FeedbackTableViewCell.swift */ = {isa = PBXFileReference; fileEncoding = 4; lastKnownFileType = sourcecode.swift; path = FeedbackTableViewCell.swift; sourceTree = "<group>"; };
		E5967BBA1C3922170037F4B7 /* MessageThreadTableViewController.swift */ = {isa = PBXFileReference; fileEncoding = 4; lastKnownFileType = sourcecode.swift; path = MessageThreadTableViewController.swift; sourceTree = "<group>"; };
		E5967BBC1C39BFF30037F4B7 /* MessageTableViewCell.swift */ = {isa = PBXFileReference; fileEncoding = 4; lastKnownFileType = sourcecode.swift; path = MessageTableViewCell.swift; sourceTree = "<group>"; };
		E5967BC41C39DBC00037F4B7 /* CDWSMessageThread+CoreDataProperties.swift */ = {isa = PBXFileReference; fileEncoding = 4; lastKnownFileType = sourcecode.swift; path = "CDWSMessageThread+CoreDataProperties.swift"; sourceTree = "<group>"; };
		E5967BC51C39DBC00037F4B7 /* CDWSMessageThread.swift */ = {isa = PBXFileReference; fileEncoding = 4; lastKnownFileType = sourcecode.swift; path = CDWSMessageThread.swift; sourceTree = "<group>"; };
		E5967BC61C39DBC00037F4B7 /* CDWSMessage+CoreDataProperties.swift */ = {isa = PBXFileReference; fileEncoding = 4; lastKnownFileType = sourcecode.swift; path = "CDWSMessage+CoreDataProperties.swift"; sourceTree = "<group>"; };
		E5967BC71C39DBC00037F4B7 /* CDWSMessage.swift */ = {isa = PBXFileReference; fileEncoding = 4; lastKnownFileType = sourcecode.swift; path = CDWSMessage.swift; sourceTree = "<group>"; };
		E5967BC81C39DBC00037F4B7 /* CDWSUser+CoreDataProperties.swift */ = {isa = PBXFileReference; fileEncoding = 4; lastKnownFileType = sourcecode.swift; path = "CDWSUser+CoreDataProperties.swift"; sourceTree = "<group>"; };
		E5967BC91C39DBC00037F4B7 /* CDWSUser.swift */ = {isa = PBXFileReference; fileEncoding = 4; lastKnownFileType = sourcecode.swift; path = CDWSUser.swift; sourceTree = "<group>"; };
		E59898791C97EDC200AFB089 /* CDWSMapTile+CoreDataProperties.swift */ = {isa = PBXFileReference; fileEncoding = 4; lastKnownFileType = sourcecode.swift; path = "CDWSMapTile+CoreDataProperties.swift"; sourceTree = "<group>"; };
		E598987A1C97EDC200AFB089 /* CDWSMapTile.swift */ = {isa = PBXFileReference; fileEncoding = 4; lastKnownFileType = sourcecode.swift; path = CDWSMapTile.swift; sourceTree = "<group>"; };
		E598987F1C9A9B4500AFB089 /* CCHMapClusterController-Bridging-Header.h */ = {isa = PBXFileReference; lastKnownFileType = sourcecode.c.h; path = "CCHMapClusterController-Bridging-Header.h"; sourceTree = "<group>"; };
		E59898801C9A9BFA00AFB089 /* WSMapManager+CCHMapClusterController.swift */ = {isa = PBXFileReference; fileEncoding = 4; lastKnownFileType = sourcecode.swift; path = "WSMapManager+CCHMapClusterController.swift"; sourceTree = "<group>"; };
		E5A84A661C8E0A1D007609A9 /* WSMapTile.swift */ = {isa = PBXFileReference; fileEncoding = 4; lastKnownFileType = sourcecode.swift; path = WSMapTile.swift; sourceTree = "<group>"; };
		E5A84A681C8E0AE9007609A9 /* MKMapView+Warmshowers.swift */ = {isa = PBXFileReference; fileEncoding = 4; lastKnownFileType = sourcecode.swift; path = "MKMapView+Warmshowers.swift"; sourceTree = "<group>"; };
		E5A84A6A1C8FBCE1007609A9 /* WSUser.swift */ = {isa = PBXFileReference; fileEncoding = 4; lastKnownFileType = sourcecode.swift; path = WSUser.swift; sourceTree = "<group>"; };
		E5A9F11B1C532BC5006D6499 /* WSMessageThreadsUpdater.swift */ = {isa = PBXFileReference; fileEncoding = 4; lastKnownFileType = sourcecode.swift; path = WSMessageThreadsUpdater.swift; sourceTree = "<group>"; };
		E5A9F1201C55F79A006D6499 /* WSProgressHUD.swift */ = {isa = PBXFileReference; fileEncoding = 4; lastKnownFileType = sourcecode.swift; path = WSProgressHUD.swift; sourceTree = "<group>"; };
		E5A9F1221C561971006D6499 /* WSHostsOnMapSearchManager.swift */ = {isa = PBXFileReference; fileEncoding = 4; lastKnownFileType = sourcecode.swift; path = WSHostsOnMapSearchManager.swift; sourceTree = "<group>"; };
		E5AF1A871C58A41A0004806A /* MessageThreadTableViewController+UITableViewDataSource.swift */ = {isa = PBXFileReference; fileEncoding = 4; lastKnownFileType = sourcecode.swift; path = "MessageThreadTableViewController+UITableViewDataSource.swift"; sourceTree = "<group>"; };
		E5AF1A891C58A44E0004806A /* MessageThreadsTableViewController+UITableViewDataSource.swift */ = {isa = PBXFileReference; fileEncoding = 4; lastKnownFileType = sourcecode.swift; path = "MessageThreadsTableViewController+UITableViewDataSource.swift"; sourceTree = "<group>"; };
		E5AF1A8C1C58A49A0004806A /* MessageThreadsTableViewController+UITableViewDelegate.swift */ = {isa = PBXFileReference; fileEncoding = 4; lastKnownFileType = sourcecode.swift; path = "MessageThreadsTableViewController+UITableViewDelegate.swift"; sourceTree = "<group>"; };
		E5AF67051C56C24B00AC17A1 /* WSRequestDelegate.swift */ = {isa = PBXFileReference; fileEncoding = 4; lastKnownFileType = sourcecode.swift; path = WSRequestDelegate.swift; sourceTree = "<group>"; };
		E5AF67071C56DD7F00AC17A1 /* WSLoginManager.swift */ = {isa = PBXFileReference; fileEncoding = 4; lastKnownFileType = sourcecode.swift; path = WSLoginManager.swift; sourceTree = "<group>"; };
		E5AF67091C576C6300AC17A1 /* ComposeMessageViewController+UITableViewDataSource.swift */ = {isa = PBXFileReference; fileEncoding = 4; lastKnownFileType = sourcecode.swift; path = "ComposeMessageViewController+UITableViewDataSource.swift"; sourceTree = "<group>"; };
		E5AF670B1C576CAE00AC17A1 /* ComposeMessageViewController+UITableViewDelegate.swift */ = {isa = PBXFileReference; fileEncoding = 4; lastKnownFileType = sourcecode.swift; path = "ComposeMessageViewController+UITableViewDelegate.swift"; sourceTree = "<group>"; };
		E5AF670D1C5775B100AC17A1 /* WSMessageSender.swift */ = {isa = PBXFileReference; fileEncoding = 4; lastKnownFileType = sourcecode.swift; path = WSMessageSender.swift; sourceTree = "<group>"; };
		E5D961511C61FC75004E1F31 /* WSStore.swift */ = {isa = PBXFileReference; fileEncoding = 4; lastKnownFileType = sourcecode.swift; path = WSStore.swift; sourceTree = "<group>"; };
		E5D961531C62BFD4004E1F31 /* MessageThreadTableViewController+NSFetchedResultsControllerDelegate.swift */ = {isa = PBXFileReference; fileEncoding = 4; lastKnownFileType = sourcecode.swift; path = "MessageThreadTableViewController+NSFetchedResultsControllerDelegate.swift"; sourceTree = "<group>"; };
		E5D96AF41BFB1CA700AFAFEE /* Warmshowers.app */ = {isa = PBXFileReference; explicitFileType = wrapper.application; includeInIndex = 0; path = Warmshowers.app; sourceTree = BUILT_PRODUCTS_DIR; };
		E5D96AF71BFB1CA700AFAFEE /* AppDelegate.swift */ = {isa = PBXFileReference; lastKnownFileType = sourcecode.swift; path = AppDelegate.swift; sourceTree = "<group>"; };
		E5D96AFE1BFB1CA700AFAFEE /* Base */ = {isa = PBXFileReference; lastKnownFileType = file.storyboard; name = Base; path = Base.lproj/Main.storyboard; sourceTree = "<group>"; };
		E5D96B001BFB1CA700AFAFEE /* Assets.xcassets */ = {isa = PBXFileReference; lastKnownFileType = folder.assetcatalog; path = Assets.xcassets; sourceTree = "<group>"; };
		E5D96B031BFB1CA700AFAFEE /* Base */ = {isa = PBXFileReference; lastKnownFileType = file.storyboard; name = Base; path = Base.lproj/LaunchScreen.storyboard; sourceTree = "<group>"; };
		E5D96B051BFB1CA700AFAFEE /* Info.plist */ = {isa = PBXFileReference; lastKnownFileType = text.plist.xml; path = Info.plist; sourceTree = "<group>"; };
		E5D96B0A1BFB1CA700AFAFEE /* WarmshowersTests.xctest */ = {isa = PBXFileReference; explicitFileType = wrapper.cfbundle; includeInIndex = 0; path = WarmshowersTests.xctest; sourceTree = BUILT_PRODUCTS_DIR; };
		E5D96B0E1BFB1CA700AFAFEE /* WarmshowersTests.swift */ = {isa = PBXFileReference; lastKnownFileType = sourcecode.swift; path = WarmshowersTests.swift; sourceTree = "<group>"; };
		E5D96B101BFB1CA700AFAFEE /* Info.plist */ = {isa = PBXFileReference; lastKnownFileType = text.plist.xml; path = Info.plist; sourceTree = "<group>"; };
		E5D96B151BFB1CA700AFAFEE /* WarmshowersUITests.xctest */ = {isa = PBXFileReference; explicitFileType = wrapper.cfbundle; includeInIndex = 0; path = WarmshowersUITests.xctest; sourceTree = BUILT_PRODUCTS_DIR; };
		E5D96B191BFB1CA700AFAFEE /* WarmshowersUITests.swift */ = {isa = PBXFileReference; lastKnownFileType = sourcecode.swift; path = WarmshowersUITests.swift; sourceTree = "<group>"; };
		E5D96B1B1BFB1CA700AFAFEE /* Info.plist */ = {isa = PBXFileReference; lastKnownFileType = text.plist.xml; path = Info.plist; sourceTree = "<group>"; };
		E5D96B271BFC493B00AFAFEE /* LoginViewController.swift */ = {isa = PBXFileReference; fileEncoding = 4; lastKnownFileType = sourcecode.swift; path = LoginViewController.swift; sourceTree = "<group>"; };
		E5DA03A61C46FCBB00FAD1D7 /* WSColor.swift */ = {isa = PBXFileReference; fileEncoding = 4; lastKnownFileType = sourcecode.swift; path = WSColor.swift; sourceTree = "<group>"; };
		E5DA03CA1C48534300FAD1D7 /* WSLazyImageDownloader.swift */ = {isa = PBXFileReference; fileEncoding = 4; lastKnownFileType = sourcecode.swift; path = WSLazyImageDownloader.swift; sourceTree = "<group>"; };
		E5DA03D01C4887E700FAD1D7 /* WSLazyImageTableViewController.swift */ = {isa = PBXFileReference; fileEncoding = 4; lastKnownFileType = sourcecode.swift; path = WSLazyImageTableViewController.swift; sourceTree = "<group>"; };
		E5DA03D31C48893400FAD1D7 /* WSLazyImageTableViewController+UIScrollViewDelegate.swift */ = {isa = PBXFileReference; fileEncoding = 4; lastKnownFileType = sourcecode.swift; path = "WSLazyImageTableViewController+UIScrollViewDelegate.swift"; sourceTree = "<group>"; };
		E5DA03D51C48899700FAD1D7 /* WSLazyImageTableViewController+UITableViewDataSource.swift */ = {isa = PBXFileReference; fileEncoding = 4; lastKnownFileType = sourcecode.swift; path = "WSLazyImageTableViewController+UITableViewDataSource.swift"; sourceTree = "<group>"; };
		E5DA03D71C488AE900FAD1D7 /* WSLazyImageTableViewCell.swift */ = {isa = PBXFileReference; fileEncoding = 4; lastKnownFileType = sourcecode.swift; path = WSLazyImageTableViewCell.swift; sourceTree = "<group>"; };
		E5DA03D91C488CA000FAD1D7 /* WSLazyImage.swift */ = {isa = PBXFileReference; fileEncoding = 4; lastKnownFileType = sourcecode.swift; path = WSLazyImage.swift; sourceTree = "<group>"; };
		E5DA03DF1C490ECC00FAD1D7 /* HostListTableViewController+UITableViewDataSource.swift */ = {isa = PBXFileReference; fileEncoding = 4; lastKnownFileType = sourcecode.swift; path = "HostListTableViewController+UITableViewDataSource.swift"; sourceTree = "<group>"; };
		E5DA03E11C49185000FAD1D7 /* WSUserLocation+WSLazyImage.swift */ = {isa = PBXFileReference; fileEncoding = 4; lastKnownFileType = sourcecode.swift; path = "WSUserLocation+WSLazyImage.swift"; sourceTree = "<group>"; };
		E5DA03E31C49187600FAD1D7 /* WSUserLocation+MKAnnotation.swift */ = {isa = PBXFileReference; fileEncoding = 4; lastKnownFileType = sourcecode.swift; path = "WSUserLocation+MKAnnotation.swift"; sourceTree = "<group>"; };
		E5DA03E51C49A5CA00FAD1D7 /* WSRecommendation+WSLazyImage.swift */ = {isa = PBXFileReference; fileEncoding = 4; lastKnownFileType = sourcecode.swift; path = "WSRecommendation+WSLazyImage.swift"; sourceTree = "<group>"; };
		E5DA03E71C49AE5300FAD1D7 /* HostListTableViewCell+WSLazyImageTableViewCell.swift */ = {isa = PBXFileReference; fileEncoding = 4; lastKnownFileType = sourcecode.swift; path = "HostListTableViewCell+WSLazyImageTableViewCell.swift"; sourceTree = "<group>"; };
		E5DA03E91C49AF1000FAD1D7 /* FeedbackTableViewCell+WSLazyImageTableViewCell.swift */ = {isa = PBXFileReference; fileEncoding = 4; lastKnownFileType = sourcecode.swift; path = "FeedbackTableViewCell+WSLazyImageTableViewCell.swift"; sourceTree = "<group>"; };
		E5DA03EB1C49BA3000FAD1D7 /* FeedbackTableViewController+UITableViewCellDataSource.swift */ = {isa = PBXFileReference; fileEncoding = 4; lastKnownFileType = sourcecode.swift; path = "FeedbackTableViewController+UITableViewCellDataSource.swift"; sourceTree = "<group>"; };
		E5DA03ED1C49C59500FAD1D7 /* Sue Ellen Francisco.ttf */ = {isa = PBXFileReference; lastKnownFileType = file; path = "Sue Ellen Francisco.ttf"; sourceTree = "<group>"; };
		E5DA03EF1C49C7A200FAD1D7 /* WSFont.swift */ = {isa = PBXFileReference; fileEncoding = 4; lastKnownFileType = sourcecode.swift; path = WSFont.swift; sourceTree = "<group>"; };
		E5DA03F11C49FA6500FAD1D7 /* WSLazyImageTableViewDataSource.swift */ = {isa = PBXFileReference; fileEncoding = 4; lastKnownFileType = sourcecode.swift; path = WSLazyImageTableViewDataSource.swift; sourceTree = "<group>"; };
		E5DA03F31C4A412C00FAD1D7 /* WSRequester.swift */ = {isa = PBXFileReference; fileEncoding = 4; lastKnownFileType = sourcecode.swift; path = WSRequester.swift; sourceTree = "<group>"; };
		E5DA03FC1C4C947100FAD1D7 /* WSSettings.swift */ = {isa = PBXFileReference; fileEncoding = 4; lastKnownFileType = sourcecode.swift; path = WSSettings.swift; sourceTree = "<group>"; };
		E5DA03FE1C4CA9CF00FAD1D7 /* WSDistance.swift */ = {isa = PBXFileReference; fileEncoding = 4; lastKnownFileType = sourcecode.swift; path = WSDistance.swift; sourceTree = "<group>"; };
		E5DA04001C4CDE6500FAD1D7 /* SpinnerTableViewCell.swift */ = {isa = PBXFileReference; fileEncoding = 4; lastKnownFileType = sourcecode.swift; path = SpinnerTableViewCell.swift; sourceTree = "<group>"; };
		E5DA04021C4CE6B500FAD1D7 /* PlaceholderTableViewCell.swift */ = {isa = PBXFileReference; fileEncoding = 4; lastKnownFileType = sourcecode.swift; path = PlaceholderTableViewCell.swift; sourceTree = "<group>"; };
		E5DA04041C4DA8D000FAD1D7 /* WSMapSource.swift */ = {isa = PBXFileReference; fileEncoding = 4; lastKnownFileType = sourcecode.swift; path = WSMapSource.swift; sourceTree = "<group>"; };
		E5DA040B1C4DCBE700FAD1D7 /* WSColoredDot.swift */ = {isa = PBXFileReference; fileEncoding = 4; lastKnownFileType = sourcecode.swift; path = WSColoredDot.swift; sourceTree = "<group>"; };
		E5DF37C11C6C1E6C00D5F509 /* WSMessageThreadMarker.swift */ = {isa = PBXFileReference; fileEncoding = 4; lastKnownFileType = sourcecode.swift; path = WSMessageThreadMarker.swift; sourceTree = "<group>"; };
		E5DF37C31C6C315700D5F509 /* WSFeedbackSender.swift */ = {isa = PBXFileReference; fileEncoding = 4; lastKnownFileType = sourcecode.swift; path = WSFeedbackSender.swift; sourceTree = "<group>"; };
		E5F6F3091C2B36930000A87E /* WSRestfulService.swift */ = {isa = PBXFileReference; fileEncoding = 4; lastKnownFileType = sourcecode.swift; path = WSRestfulService.swift; sourceTree = "<group>"; };
		E5F6F30C1C2FE2770000A87E /* AccountDetailTableViewCell.swift */ = {isa = PBXFileReference; fileEncoding = 4; lastKnownFileType = sourcecode.swift; path = AccountDetailTableViewCell.swift; sourceTree = "<group>"; };
		E5F6F30E1C2FE3360000A87E /* ProfileImageTableViewCell.swift */ = {isa = PBXFileReference; fileEncoding = 4; lastKnownFileType = sourcecode.swift; path = ProfileImageTableViewCell.swift; sourceTree = "<group>"; };
		E5F6F3101C3122740000A87E /* HostingInfoTableViewCell.swift */ = {isa = PBXFileReference; fileEncoding = 4; lastKnownFileType = sourcecode.swift; path = HostingInfoTableViewCell.swift; sourceTree = "<group>"; };
		E5F6F3121C3124230000A87E /* HostOfferTableViewCell.swift */ = {isa = PBXFileReference; fileEncoding = 4; lastKnownFileType = sourcecode.swift; path = HostOfferTableViewCell.swift; sourceTree = "<group>"; };
		E5F6F3141C313F340000A87E /* SegmentTableViewCell.swift */ = {isa = PBXFileReference; fileEncoding = 4; lastKnownFileType = sourcecode.swift; path = SegmentTableViewCell.swift; sourceTree = "<group>"; };
		E5F6F3161C3140BD0000A87E /* AboutTableViewCell.swift */ = {isa = PBXFileReference; fileEncoding = 4; lastKnownFileType = sourcecode.swift; path = AboutTableViewCell.swift; sourceTree = "<group>"; };
		E5F6F3181C3289060000A87E /* AccountTableViewController+SegmentTableViewCellActions.swift */ = {isa = PBXFileReference; fileEncoding = 4; lastKnownFileType = sourcecode.swift; path = "AccountTableViewController+SegmentTableViewCellActions.swift"; sourceTree = "<group>"; };
/* End PBXFileReference section */

/* Begin PBXFrameworksBuildPhase section */
		E5D96AF11BFB1CA700AFAFEE /* Frameworks */ = {
			isa = PBXFrameworksBuildPhase;
			buildActionMask = 2147483647;
			files = (
				E56CC0881BFD166200AAF973 /* MapKit.framework in Frameworks */,
				F7C27CFBDC875EAEF018DAAC /* Pods.framework in Frameworks */,
			);
			runOnlyForDeploymentPostprocessing = 0;
		};
		E5D96B071BFB1CA700AFAFEE /* Frameworks */ = {
			isa = PBXFrameworksBuildPhase;
			buildActionMask = 2147483647;
			files = (
			);
			runOnlyForDeploymentPostprocessing = 0;
		};
		E5D96B121BFB1CA700AFAFEE /* Frameworks */ = {
			isa = PBXFrameworksBuildPhase;
			buildActionMask = 2147483647;
			files = (
			);
			runOnlyForDeploymentPostprocessing = 0;
		};
/* End PBXFrameworksBuildPhase section */

/* Begin PBXGroup section */
		6E849FDB18577D0BF0264D2B /* Pods */ = {
			isa = PBXGroup;
			children = (
				E3FB3CCF89A82EEE1EDC2F21 /* Pods.debug.xcconfig */,
				67B2E52709A5EFB71A7262A4 /* Pods.release.xcconfig */,
			);
			name = Pods;
			sourceTree = "<group>";
		};
		D6001CC5D7394753D8ED4DB7 /* Frameworks */ = {
			isa = PBXGroup;
			children = (
				A17687885A5BDB7132D6EBF2 /* Pods.framework */,
			);
			name = Frameworks;
			sourceTree = "<group>";
		};
		E50FD8A01C053A24004D38A3 /* Map */ = {
			isa = PBXGroup;
			children = (
				E50FD8A11C053A42004D38A3 /* MapTileServerURLTemplate.swift */,
				E5DA04041C4DA8D000FAD1D7 /* WSMapSource.swift */,
			);
			name = Map;
			sourceTree = "<group>";
		};
		E542766F1C3CA8B100047029 /* ComposeMessageViewController */ = {
			isa = PBXGroup;
			children = (
				E52A07261C580B1C006F80A5 /* ComposeMessageViewController.swift */,
				E5AF67091C576C6300AC17A1 /* ComposeMessageViewController+UITableViewDataSource.swift */,
				E5AF670B1C576CAE00AC17A1 /* ComposeMessageViewController+UITableViewDelegate.swift */,
				E5700C531C44EE51008C8A87 /* ComposeMessageViewController+UITextFieldDelegate.swift */,
				E5700C511C44CB64008C8A87 /* ComposeMessageViewController+UITextViewDelegate.swift */,
			);
			name = ComposeMessageViewController;
			sourceTree = "<group>";
		};
		E54276761C3E371000047029 /* CreateFeedbackTableViewController */ = {
			isa = PBXGroup;
			children = (
				E54276771C3E374400047029 /* CreateFeedbackTableViewController.swift */,
				E54276851C3E78E000047029 /* CreateFeedbackTableViewController+UIPickerViewDelegate.swift */,
				E54276871C3E83E500047029 /* CreateFeedbackTableViewController+UIPickerViewDataSource.swift */,
				E542768F1C44956F00047029 /* CreateFeedbackTableViewController+UITextViewDelegate.swift */,
			);
			name = CreateFeedbackTableViewController;
			sourceTree = "<group>";
		};
		E54A57321BFE82F9000843A9 /* Model */ = {
			isa = PBXGroup;
			children = (
				E5967BC71C39DBC00037F4B7 /* CDWSMessage.swift */,
				E5967BC61C39DBC00037F4B7 /* CDWSMessage+CoreDataProperties.swift */,
				E5967BC51C39DBC00037F4B7 /* CDWSMessageThread.swift */,
				E5967BC41C39DBC00037F4B7 /* CDWSMessageThread+CoreDataProperties.swift */,
				E5967BC91C39DBC00037F4B7 /* CDWSUser.swift */,
				E5967BC81C39DBC00037F4B7 /* CDWSUser+CoreDataProperties.swift */,
				E52E8ABC1C0E463D000391AB /* Warmshowers.xcdatamodeld */,
				E5DA03FE1C4CA9CF00FAD1D7 /* WSDistance.swift */,
				E5967BA01C35D59C0037F4B7 /* WSHostingInfo.swift */,
				E53548E91C69713900E22C3D /* WSLoginData.swift */,
				E5D961511C61FC75004E1F31 /* WSStore.swift */,
				E5967B9E1C3490740037F4B7 /* WSOffers.swift */,
				E5967BA41C361D2B0037F4B7 /* WSPhoneContacts.swift */,
				E5967BA61C3620470037F4B7 /* WSPhoneNumber.swift */,
				E54276811C3E54BA00047029 /* WSPhoneNumberType.swift */,
				E5967BB31C38A8ED0037F4B7 /* WSRecommendation.swift */,
				E5DA03E51C49A5CA00FAD1D7 /* WSRecommendation+WSLazyImage.swift */,
				E542767F1C3E546E00047029 /* WSRecommendationFor.swift */,
				E54276891C41AAAF00047029 /* WSRecommendationMonths.swift */,
				E542767D1C3E544600047029 /* WSRecommendationRating.swift */,
				E5DA03FC1C4C947100FAD1D7 /* WSSettings.swift */,
				E5967BAA1C38814F0037F4B7 /* WSTimeInterval.swift */,
				E53548EB1C69AA8E00E22C3D /* WSUserDefaultsKeys.swift */,
				E5A84A6A1C8FBCE1007609A9 /* WSUser.swift */,
				E51397661C06945E00FD8EC1 /* WSUserLocation.swift */,
				E5DA03E31C49187600FAD1D7 /* WSUserLocation+MKAnnotation.swift */,
				E5DA03E11C49185000FAD1D7 /* WSUserLocation+WSLazyImage.swift */,
				E53BA7481C769E770076E825 /* WSMapManager.swift */,
				E53BA74A1C76AE8C0076E825 /* WSEntity.swift */,
				E5A84A661C8E0A1D007609A9 /* WSMapTile.swift */,
				E59898791C97EDC200AFB089 /* CDWSMapTile+CoreDataProperties.swift */,
				E598987A1C97EDC200AFB089 /* CDWSMapTile.swift */,
				E59898801C9A9BFA00AFB089 /* WSMapManager+CCHMapClusterController.swift */,
			);
			name = Model;
			sourceTree = "<group>";
		};
		E54A57391C026D56000843A9 /* HTTP */ = {
			isa = PBXGroup;
			children = (
				E557D86B1C50482200226E84 /* WSCSRFTokenGetter.swift */,
				E5DF37C31C6C315700D5F509 /* WSFeedbackSender.swift */,
				E536BFC51C7304980017E7B8 /* WSHostsByKeywordSearchManager.swift */,
				E5A9F1221C561971006D6499 /* WSHostsOnMapSearchManager.swift */,
				E5DA03CA1C48534300FAD1D7 /* WSLazyImageDownloader.swift */,
				E5AF67071C56DD7F00AC17A1 /* WSLoginManager.swift */,
				E569DC481C6C5E4300286055 /* WSLogoutManager.swift */,
				E5AF670D1C5775B100AC17A1 /* WSMessageSender.swift */,
				E5DF37C11C6C1E6C00D5F509 /* WSMessageThreadMarker.swift */,
				E5A9F11B1C532BC5006D6499 /* WSMessageThreadsUpdater.swift */,
				E56B06281C5ED1D4006C7BF3 /* WSMessageUpdateOperation.swift */,
				E557D8691C50421B00226E84 /* WSMessageUpdater.swift */,
				E5AF67051C56C24B00AC17A1 /* WSRequestDelegate.swift */,
				E5DA03F31C4A412C00FAD1D7 /* WSRequester.swift */,
				E54A572E1BFDC446000843A9 /* WSRequests.swift */,
				E557D86D1C504DCF00226E84 /* WSRequestWithCSRFToken.swift */,
				E5F6F3091C2B36930000A87E /* WSRestfulService.swift */,
				E54A57301BFE6FB2000843A9 /* WSURL.swift */,
				E53BA73B1C7554880076E825 /* WSURLSession.swift */,
			);
			name = HTTP;
			sourceTree = "<group>";
		};
		E54A573A1C026D96000843A9 /* Controllers */ = {
			isa = PBXGroup;
			children = (
				E5A9F11F1C55F762006D6499 /* WSProgressHUD */,
				E5F6F30B1C2FE2360000A87E /* AccountViewController */,
				E542766F1C3CA8B100047029 /* ComposeMessageViewController */,
				E54276761C3E371000047029 /* CreateFeedbackTableViewController */,
				E5967BAC1C38A0A30037F4B7 /* FeedbackTableViewController */,
				E5700C561C45C02E008C8A87 /* HostListTableViewController */,
				E573D1751C0E5FC8004C3BFC /* HostSearchViewController */,
				E573D1781C0E609C004C3BFC /* LoginViewController */,
				E573D1761C0E5FD4004C3BFC /* MessageThreadsTableViewController */,
				E5967BB91C3921F40037F4B7 /* MessageThreadTableViewController */,
				E573D1771C0E6065004C3BFC /* SettingsTableViewController */,
				E573D17B1C0E617C004C3BFC /* TabBarController */,
				E5DA03D21C48891400FAD1D7 /* WSLazyImageTableVIewController */,
			);
			name = Controllers;
			sourceTree = "<group>";
		};
		E5700C561C45C02E008C8A87 /* HostListTableViewController */ = {
			isa = PBXGroup;
			children = (
				E5700C571C45C057008C8A87 /* HostListTableViewController.swift */,
				E5DA03DF1C490ECC00FAD1D7 /* HostListTableViewController+UITableViewDataSource.swift */,
			);
			name = HostListTableViewController;
			sourceTree = "<group>";
		};
		E573D1751C0E5FC8004C3BFC /* HostSearchViewController */ = {
			isa = PBXGroup;
			children = (
				E56CC0891BFD22D800AAF973 /* HostSearchViewController.swift */,
				E52E8AA01C0BD38D000391AB /* HostSearchViewController+UISearchControllerDelegate.swift */,
				E52E8AA81C0BDB18000391AB /* HostSearchViewController+WSLazyImageTableViewDataSource.swift */,
				E52E8AA21C0BD3F0000391AB /* HostSearchViewController+KPClusteringControllerDelegate.swift */,
				E52E8A9E1C0BD25A000391AB /* HostSearchViewController+MKMapViewDelegate.swift */,
				E52E8AA41C0BD8BF000391AB /* HostSearchViewController+UISearchResultsUpdating.swift */,
			);
			name = HostSearchViewController;
			sourceTree = "<group>";
		};
		E573D1761C0E5FD4004C3BFC /* MessageThreadsTableViewController */ = {
			isa = PBXGroup;
			children = (
				E52E8AAE1C0D056D000391AB /* MessageThreadsTableViewController.swift */,
				E5AF1A891C58A44E0004806A /* MessageThreadsTableViewController+UITableViewDataSource.swift */,
				E5AF1A8C1C58A49A0004806A /* MessageThreadsTableViewController+UITableViewDelegate.swift */,
				E56B062A1C5F0CAF006C7BF3 /* MessageThreadsTableViewController+NSFetchedResultsControllerDelegate.swift */,
			);
			name = MessageThreadsTableViewController;
			sourceTree = "<group>";
		};
		E573D1771C0E6065004C3BFC /* SettingsTableViewController */ = {
			isa = PBXGroup;
			children = (
				E56CC08F1BFD496400AAF973 /* SettingsTableViewController.swift */,
			);
			name = SettingsTableViewController;
			sourceTree = "<group>";
		};
		E573D1781C0E609C004C3BFC /* LoginViewController */ = {
			isa = PBXGroup;
			children = (
				E5D96B271BFC493B00AFAFEE /* LoginViewController.swift */,
			);
			name = LoginViewController;
			sourceTree = "<group>";
		};
		E573D17B1C0E617C004C3BFC /* TabBarController */ = {
			isa = PBXGroup;
			children = (
				E56CC08B1BFD2EC300AAF973 /* TabBarController.swift */,
			);
			name = TabBarController;
			sourceTree = "<group>";
		};
		E5967BAC1C38A0A30037F4B7 /* FeedbackTableViewController */ = {
			isa = PBXGroup;
			children = (
				E5967BB11C38A11E0037F4B7 /* FeedbackTableViewController.swift */,
				E5DA03EB1C49BA3000FAD1D7 /* FeedbackTableViewController+UITableViewCellDataSource.swift */,
			);
			name = FeedbackTableViewController;
			sourceTree = "<group>";
		};
		E5967BB91C3921F40037F4B7 /* MessageThreadTableViewController */ = {
			isa = PBXGroup;
			children = (
				E5967BBA1C3922170037F4B7 /* MessageThreadTableViewController.swift */,
				E5AF1A871C58A41A0004806A /* MessageThreadTableViewController+UITableViewDataSource.swift */,
				E5D961531C62BFD4004E1F31 /* MessageThreadTableViewController+NSFetchedResultsControllerDelegate.swift */,
			);
			name = MessageThreadTableViewController;
			sourceTree = "<group>";
		};
		E5A9F11F1C55F762006D6499 /* WSProgressHUD */ = {
			isa = PBXGroup;
			children = (
				E5A9F1201C55F79A006D6499 /* WSProgressHUD.swift */,
			);
			name = WSProgressHUD;
			sourceTree = "<group>";
		};
		E5D96AEB1BFB1CA700AFAFEE = {
			isa = PBXGroup;
			children = (
				E54A572A1BFD664A000843A9 /* Settings.bundle */,
				E56CC0871BFD166200AAF973 /* MapKit.framework */,
				E5D96AF61BFB1CA700AFAFEE /* Warmshowers */,
				E5D96B0D1BFB1CA700AFAFEE /* WarmshowersTests */,
				E5D96B181BFB1CA700AFAFEE /* WarmshowersUITests */,
				E5D96AF51BFB1CA700AFAFEE /* Products */,
				6E849FDB18577D0BF0264D2B /* Pods */,
				D6001CC5D7394753D8ED4DB7 /* Frameworks */,
			);
			sourceTree = "<group>";
		};
		E5D96AF51BFB1CA700AFAFEE /* Products */ = {
			isa = PBXGroup;
			children = (
				E5D96AF41BFB1CA700AFAFEE /* Warmshowers.app */,
				E5D96B0A1BFB1CA700AFAFEE /* WarmshowersTests.xctest */,
				E5D96B151BFB1CA700AFAFEE /* WarmshowersUITests.xctest */,
			);
			name = Products;
			sourceTree = "<group>";
		};
		E5D96AF61BFB1CA700AFAFEE /* Warmshowers */ = {
			isa = PBXGroup;
			children = (
				E5D96AF71BFB1CA700AFAFEE /* AppDelegate.swift */,
				E54A573A1C026D96000843A9 /* Controllers */,
				E54A57391C026D56000843A9 /* HTTP */,
				E50FD8A01C053A24004D38A3 /* Map */,
				E54A57321BFE82F9000843A9 /* Model */,
				E5F6F3041C28EC780000A87E /* Supporting Files */,
				E5F6F3031C28EC550000A87E /* Views */,
			);
			path = Warmshowers;
			sourceTree = "<group>";
		};
		E5D96B0D1BFB1CA700AFAFEE /* WarmshowersTests */ = {
			isa = PBXGroup;
			children = (
				E5D96B0E1BFB1CA700AFAFEE /* WarmshowersTests.swift */,
				E5D96B101BFB1CA700AFAFEE /* Info.plist */,
			);
			path = WarmshowersTests;
			sourceTree = "<group>";
		};
		E5D96B181BFB1CA700AFAFEE /* WarmshowersUITests */ = {
			isa = PBXGroup;
			children = (
				E5D96B191BFB1CA700AFAFEE /* WarmshowersUITests.swift */,
				E5D96B1B1BFB1CA700AFAFEE /* Info.plist */,
			);
			path = WarmshowersUITests;
			sourceTree = "<group>";
		};
		E5DA03D21C48891400FAD1D7 /* WSLazyImageTableVIewController */ = {
			isa = PBXGroup;
			children = (
				E5DA03D91C488CA000FAD1D7 /* WSLazyImage.swift */,
				E5DA03D01C4887E700FAD1D7 /* WSLazyImageTableViewController.swift */,
				E5DA03D31C48893400FAD1D7 /* WSLazyImageTableViewController+UIScrollViewDelegate.swift */,
				E5DA03D51C48899700FAD1D7 /* WSLazyImageTableViewController+UITableViewDataSource.swift */,
				E5DA03F11C49FA6500FAD1D7 /* WSLazyImageTableViewDataSource.swift */,
			);
			name = WSLazyImageTableVIewController;
			sourceTree = "<group>";
		};
		E5DF37C01C6C194100D5F509 /* TableViewCells */ = {
			isa = PBXGroup;
			children = (
				E5967BBC1C39BFF30037F4B7 /* MessageTableViewCell.swift */,
				E52E8AB01C0D0B1A000391AB /* MessageThreadsTableViewCell.swift */,
				E56CC0911BFD569500AAF973 /* SwitchTableViewCell.swift */,
				E5DA03E71C49AE5300FAD1D7 /* HostListTableViewCell+WSLazyImageTableViewCell.swift */,
				E542767B1C3E4C2A00047029 /* FeedbackOptionPickerTableViewCell.swift */,
				E5DA03D71C488AE900FAD1D7 /* WSLazyImageTableViewCell.swift */,
				E5DA03E91C49AF1000FAD1D7 /* FeedbackTableViewCell+WSLazyImageTableViewCell.swift */,
				E5967BB71C38C0FA0037F4B7 /* FeedbackTableViewCell.swift */,
				E5700C591C45C961008C8A87 /* HostListTableViewCell.swift */,
				E5DA04001C4CDE6500FAD1D7 /* SpinnerTableViewCell.swift */,
				E5DA04021C4CE6B500FAD1D7 /* PlaceholderTableViewCell.swift */,
				E542768B1C41B10300047029 /* FeedbackOptionTableViewCell.swift */,
				E542768D1C44947300047029 /* FeedbackBodyTableViewCell.swift */,
				E54276741C3E0CE200047029 /* ComposeMessageBodyTableViewCell.swift */,
				E54276721C3E0CC900047029 /* ComposeMessageDetailTableViewCell.swift */,
				E5967BA21C361A9F0037F4B7 /* ContactTableViewCell.swift */,
				E5967BA81C36910C0037F4B7 /* AvailabilityTableViewCell.swift */,
				E5F6F30C1C2FE2770000A87E /* AccountDetailTableViewCell.swift */,
				E5F6F30E1C2FE3360000A87E /* ProfileImageTableViewCell.swift */,
				E5F6F3101C3122740000A87E /* HostingInfoTableViewCell.swift */,
				E5F6F3121C3124230000A87E /* HostOfferTableViewCell.swift */,
				E5F6F3141C313F340000A87E /* SegmentTableViewCell.swift */,
				E5F6F3161C3140BD0000A87E /* AboutTableViewCell.swift */,
			);
			name = TableViewCells;
			sourceTree = "<group>";
		};
		E5F6F3031C28EC550000A87E /* Views */ = {
			isa = PBXGroup;
			children = (
				E5DF37C01C6C194100D5F509 /* TableViewCells */,
				E5D96AFD1BFB1CA700AFAFEE /* Main.storyboard */,
				E5D96B021BFB1CA700AFAFEE /* LaunchScreen.storyboard */,
				E5DA03A61C46FCBB00FAD1D7 /* WSColor.swift */,
				E5DA03EF1C49C7A200FAD1D7 /* WSFont.swift */,
				E5DA040B1C4DCBE700FAD1D7 /* WSColoredDot.swift */,
				E5A84A681C8E0AE9007609A9 /* MKMapView+Warmshowers.swift */,
			);
			name = Views;
			sourceTree = "<group>";
		};
		E5F6F3041C28EC780000A87E /* Supporting Files */ = {
			isa = PBXGroup;
			children = (
				E5D96B001BFB1CA700AFAFEE /* Assets.xcassets */,
				E5D96B051BFB1CA700AFAFEE /* Info.plist */,
				E52E8A991C071CE8000391AB /* kingpin-Bridging-Header.h */,
				E5700C551C44F083008C8A87 /* MBProgressHUD-Bridging-Header.h */,
				E5DA03ED1C49C59500FAD1D7 /* Sue Ellen Francisco.ttf */,
				E598987F1C9A9B4500AFB089 /* CCHMapClusterController-Bridging-Header.h */,
			);
			name = "Supporting Files";
			sourceTree = "<group>";
		};
		E5F6F30B1C2FE2360000A87E /* AccountViewController */ = {
			isa = PBXGroup;
			children = (
				E54A57631C03E4A4000843A9 /* AccountTableViewController.swift */,
				E5F6F3181C3289060000A87E /* AccountTableViewController+SegmentTableViewCellActions.swift */,
			);
			name = AccountViewController;
			sourceTree = "<group>";
		};
/* End PBXGroup section */

/* Begin PBXNativeTarget section */
		E5D96AF31BFB1CA700AFAFEE /* Warmshowers */ = {
			isa = PBXNativeTarget;
			buildConfigurationList = E5D96B1E1BFB1CA700AFAFEE /* Build configuration list for PBXNativeTarget "Warmshowers" */;
			buildPhases = (
				85FE6EE8270757E3BB35EB2E /* Check Pods Manifest.lock */,
				E5D96AF01BFB1CA700AFAFEE /* Sources */,
				E5D96AF11BFB1CA700AFAFEE /* Frameworks */,
				E5D96AF21BFB1CA700AFAFEE /* Resources */,
				030B733EE0F37FD01732746D /* Embed Pods Frameworks */,
				AF3280629ED8B2DA490BB4C7 /* Copy Pods Resources */,
			);
			buildRules = (
			);
			dependencies = (
			);
			name = Warmshowers;
			productName = Warmshowers;
			productReference = E5D96AF41BFB1CA700AFAFEE /* Warmshowers.app */;
			productType = "com.apple.product-type.application";
		};
		E5D96B091BFB1CA700AFAFEE /* WarmshowersTests */ = {
			isa = PBXNativeTarget;
			buildConfigurationList = E5D96B211BFB1CA700AFAFEE /* Build configuration list for PBXNativeTarget "WarmshowersTests" */;
			buildPhases = (
				E5D96B061BFB1CA700AFAFEE /* Sources */,
				E5D96B071BFB1CA700AFAFEE /* Frameworks */,
				E5D96B081BFB1CA700AFAFEE /* Resources */,
			);
			buildRules = (
			);
			dependencies = (
				E5D96B0C1BFB1CA700AFAFEE /* PBXTargetDependency */,
			);
			name = WarmshowersTests;
			productName = WarmshowersTests;
			productReference = E5D96B0A1BFB1CA700AFAFEE /* WarmshowersTests.xctest */;
			productType = "com.apple.product-type.bundle.unit-test";
		};
		E5D96B141BFB1CA700AFAFEE /* WarmshowersUITests */ = {
			isa = PBXNativeTarget;
			buildConfigurationList = E5D96B241BFB1CA700AFAFEE /* Build configuration list for PBXNativeTarget "WarmshowersUITests" */;
			buildPhases = (
				E5D96B111BFB1CA700AFAFEE /* Sources */,
				E5D96B121BFB1CA700AFAFEE /* Frameworks */,
				E5D96B131BFB1CA700AFAFEE /* Resources */,
			);
			buildRules = (
			);
			dependencies = (
				E5D96B171BFB1CA700AFAFEE /* PBXTargetDependency */,
			);
			name = WarmshowersUITests;
			productName = WarmshowersUITests;
			productReference = E5D96B151BFB1CA700AFAFEE /* WarmshowersUITests.xctest */;
			productType = "com.apple.product-type.bundle.ui-testing";
		};
/* End PBXNativeTarget section */

/* Begin PBXProject section */
		E5D96AEC1BFB1CA700AFAFEE /* Project object */ = {
			isa = PBXProject;
			attributes = {
				LastSwiftUpdateCheck = 0710;
				LastUpgradeCheck = 0710;
				ORGANIZATIONNAME = "Rajan Fernandez";
				TargetAttributes = {
					E5D96AF31BFB1CA700AFAFEE = {
						CreatedOnToolsVersion = 7.1;
						DevelopmentTeam = RZGK26E8DQ;
						SystemCapabilities = {
							com.apple.Maps.iOS = {
								enabled = 1;
							};
						};
					};
					E5D96B091BFB1CA700AFAFEE = {
						CreatedOnToolsVersion = 7.1;
						DevelopmentTeam = RZGK26E8DQ;
						TestTargetID = E5D96AF31BFB1CA700AFAFEE;
					};
					E5D96B141BFB1CA700AFAFEE = {
						CreatedOnToolsVersion = 7.1;
						DevelopmentTeam = RZGK26E8DQ;
						TestTargetID = E5D96AF31BFB1CA700AFAFEE;
					};
				};
			};
			buildConfigurationList = E5D96AEF1BFB1CA700AFAFEE /* Build configuration list for PBXProject "Warmshowers" */;
			compatibilityVersion = "Xcode 3.2";
			developmentRegion = English;
			hasScannedForEncodings = 0;
			knownRegions = (
				en,
				Base,
			);
			mainGroup = E5D96AEB1BFB1CA700AFAFEE;
			productRefGroup = E5D96AF51BFB1CA700AFAFEE /* Products */;
			projectDirPath = "";
			projectRoot = "";
			targets = (
				E5D96AF31BFB1CA700AFAFEE /* Warmshowers */,
				E5D96B091BFB1CA700AFAFEE /* WarmshowersTests */,
				E5D96B141BFB1CA700AFAFEE /* WarmshowersUITests */,
			);
		};
/* End PBXProject section */

/* Begin PBXResourcesBuildPhase section */
		E5D96AF21BFB1CA700AFAFEE /* Resources */ = {
			isa = PBXResourcesBuildPhase;
			buildActionMask = 2147483647;
			files = (
				E54A572B1BFD664A000843A9 /* Settings.bundle in Resources */,
				E5D96B041BFB1CA700AFAFEE /* LaunchScreen.storyboard in Resources */,
				E5D96B011BFB1CA700AFAFEE /* Assets.xcassets in Resources */,
				E5DA03EE1C49C66A00FAD1D7 /* Sue Ellen Francisco.ttf in Resources */,
				E5D96AFF1BFB1CA700AFAFEE /* Main.storyboard in Resources */,
			);
			runOnlyForDeploymentPostprocessing = 0;
		};
		E5D96B081BFB1CA700AFAFEE /* Resources */ = {
			isa = PBXResourcesBuildPhase;
			buildActionMask = 2147483647;
			files = (
			);
			runOnlyForDeploymentPostprocessing = 0;
		};
		E5D96B131BFB1CA700AFAFEE /* Resources */ = {
			isa = PBXResourcesBuildPhase;
			buildActionMask = 2147483647;
			files = (
			);
			runOnlyForDeploymentPostprocessing = 0;
		};
/* End PBXResourcesBuildPhase section */

/* Begin PBXShellScriptBuildPhase section */
		030B733EE0F37FD01732746D /* Embed Pods Frameworks */ = {
			isa = PBXShellScriptBuildPhase;
			buildActionMask = 2147483647;
			files = (
			);
			inputPaths = (
			);
			name = "Embed Pods Frameworks";
			outputPaths = (
			);
			runOnlyForDeploymentPostprocessing = 0;
			shellPath = /bin/sh;
			shellScript = "\"${SRCROOT}/Pods/Target Support Files/Pods/Pods-frameworks.sh\"\n";
			showEnvVarsInLog = 0;
		};
		85FE6EE8270757E3BB35EB2E /* Check Pods Manifest.lock */ = {
			isa = PBXShellScriptBuildPhase;
			buildActionMask = 2147483647;
			files = (
			);
			inputPaths = (
			);
			name = "Check Pods Manifest.lock";
			outputPaths = (
			);
			runOnlyForDeploymentPostprocessing = 0;
			shellPath = /bin/sh;
			shellScript = "diff \"${PODS_ROOT}/../Podfile.lock\" \"${PODS_ROOT}/Manifest.lock\" > /dev/null\nif [[ $? != 0 ]] ; then\n    cat << EOM\nerror: The sandbox is not in sync with the Podfile.lock. Run 'pod install' or update your CocoaPods installation.\nEOM\n    exit 1\nfi\n";
			showEnvVarsInLog = 0;
		};
		AF3280629ED8B2DA490BB4C7 /* Copy Pods Resources */ = {
			isa = PBXShellScriptBuildPhase;
			buildActionMask = 2147483647;
			files = (
			);
			inputPaths = (
			);
			name = "Copy Pods Resources";
			outputPaths = (
			);
			runOnlyForDeploymentPostprocessing = 0;
			shellPath = /bin/sh;
			shellScript = "\"${SRCROOT}/Pods/Target Support Files/Pods/Pods-resources.sh\"\n";
			showEnvVarsInLog = 0;
		};
/* End PBXShellScriptBuildPhase section */

/* Begin PBXSourcesBuildPhase section */
		E5D96AF01BFB1CA700AFAFEE /* Sources */ = {
			isa = PBXSourcesBuildPhase;
			buildActionMask = 2147483647;
			files = (
				E5967BAB1C38814F0037F4B7 /* WSTimeInterval.swift in Sources */,
				E542767C1C3E4C2A00047029 /* FeedbackOptionPickerTableViewCell.swift in Sources */,
				E51397671C06945E00FD8EC1 /* WSUserLocation.swift in Sources */,
				E5F6F3171C3140BD0000A87E /* AboutTableViewCell.swift in Sources */,
				E5967BA51C361D2B0037F4B7 /* WSPhoneContacts.swift in Sources */,
				E5D96B281BFC493B00AFAFEE /* LoginViewController.swift in Sources */,
				E5DA03EA1C49AF1000FAD1D7 /* FeedbackTableViewCell+WSLazyImageTableViewCell.swift in Sources */,
				E5F6F3131C3124230000A87E /* HostOfferTableViewCell.swift in Sources */,
				E5DF37C41C6C315700D5F509 /* WSFeedbackSender.swift in Sources */,
				E5DA03FD1C4C947100FAD1D7 /* WSSettings.swift in Sources */,
				E56CC08C1BFD2EC300AAF973 /* TabBarController.swift in Sources */,
				E598987B1C97EDC200AFB089 /* CDWSMapTile+CoreDataProperties.swift in Sources */,
				E5DA03D61C48899700FAD1D7 /* WSLazyImageTableViewController+UITableViewDataSource.swift in Sources */,
				E5DA03F21C49FA6500FAD1D7 /* WSLazyImageTableViewDataSource.swift in Sources */,
				E52E8AA11C0BD38D000391AB /* HostSearchViewController+UISearchControllerDelegate.swift in Sources */,
				E56CC0901BFD496400AAF973 /* SettingsTableViewController.swift in Sources */,
				E52E8AAF1C0D056D000391AB /* MessageThreadsTableViewController.swift in Sources */,
				E5DA03EC1C49BA3000FAD1D7 /* FeedbackTableViewController+UITableViewCellDataSource.swift in Sources */,
				E5DA04051C4DA8D000FAD1D7 /* WSMapSource.swift in Sources */,
				E5DF37C21C6C1E6C00D5F509 /* WSMessageThreadMarker.swift in Sources */,
				E52E8AB11C0D0B1A000391AB /* MessageThreadsTableViewCell.swift in Sources */,
				E5967BB81C38C0FA0037F4B7 /* FeedbackTableViewCell.swift in Sources */,
				E5DA03E61C49A5CA00FAD1D7 /* WSRecommendation+WSLazyImage.swift in Sources */,
				E5700C5A1C45C961008C8A87 /* HostListTableViewCell.swift in Sources */,
				E5DA03FF1C4CA9CF00FAD1D7 /* WSDistance.swift in Sources */,
				E5A84A671C8E0A1D007609A9 /* WSMapTile.swift in Sources */,
				E5DA03E01C490ECC00FAD1D7 /* HostListTableViewController+UITableViewDataSource.swift in Sources */,
				E5DA04031C4CE6B500FAD1D7 /* PlaceholderTableViewCell.swift in Sources */,
				E52E8A9F1C0BD25A000391AB /* HostSearchViewController+MKMapViewDelegate.swift in Sources */,
				E56B062B1C5F0CAF006C7BF3 /* MessageThreadsTableViewController+NSFetchedResultsControllerDelegate.swift in Sources */,
				E5967BBB1C3922170037F4B7 /* MessageThreadTableViewController.swift in Sources */,
				E5967B9F1C3490740037F4B7 /* WSOffers.swift in Sources */,
				E54A57641C03E4A4000843A9 /* AccountTableViewController.swift in Sources */,
				E569DC491C6C5E4300286055 /* WSLogoutManager.swift in Sources */,
				E59898811C9A9BFA00AFB089 /* WSMapManager+CCHMapClusterController.swift in Sources */,
				E54A57311BFE6FB2000843A9 /* WSURL.swift in Sources */,
				E5DA03F01C49C7A200FAD1D7 /* WSFont.swift in Sources */,
				E52E8ABE1C0E463D000391AB /* Warmshowers.xcdatamodeld in Sources */,
				E5DA03CB1C48534300FAD1D7 /* WSLazyImageDownloader.swift in Sources */,
				E54276801C3E546E00047029 /* WSRecommendationFor.swift in Sources */,
				E5967BBD1C39BFF30037F4B7 /* MessageTableViewCell.swift in Sources */,
				E5DA03E41C49187600FAD1D7 /* WSUserLocation+MKAnnotation.swift in Sources */,
				E5DA040C1C4DCBE700FAD1D7 /* WSColoredDot.swift in Sources */,
				E557D86E1C504DCF00226E84 /* WSRequestWithCSRFToken.swift in Sources */,
				E56B06291C5ED1D4006C7BF3 /* WSMessageUpdateOperation.swift in Sources */,
				E5A84A691C8E0AE9007609A9 /* MKMapView+Warmshowers.swift in Sources */,
				E53BA7491C769E770076E825 /* WSMapManager.swift in Sources */,
				E5967BA11C35D59C0037F4B7 /* WSHostingInfo.swift in Sources */,
				E557D86C1C50482200226E84 /* WSCSRFTokenGetter.swift in Sources */,
				E5967BCA1C39DBC00037F4B7 /* CDWSMessageThread+CoreDataProperties.swift in Sources */,
				E5D961541C62BFD4004E1F31 /* MessageThreadTableViewController+NSFetchedResultsControllerDelegate.swift in Sources */,
				E5DA03D41C48893400FAD1D7 /* WSLazyImageTableViewController+UIScrollViewDelegate.swift in Sources */,
				E52E8AA91C0BDB18000391AB /* HostSearchViewController+WSLazyImageTableViewDataSource.swift in Sources */,
				E53BA73C1C7554880076E825 /* WSURLSession.swift in Sources */,
				E5967BCF1C39DBC00037F4B7 /* CDWSUser.swift in Sources */,
				E557D86A1C50421B00226E84 /* WSMessageUpdater.swift in Sources */,
				E5AF670E1C5775B100AC17A1 /* WSMessageSender.swift in Sources */,
				E598987C1C97EDC200AFB089 /* CDWSMapTile.swift in Sources */,
				E52A07271C580B1C006F80A5 /* ComposeMessageViewController.swift in Sources */,
				E52E8AA31C0BD3F0000391AB /* HostSearchViewController+KPClusteringControllerDelegate.swift in Sources */,
				E5F6F30D1C2FE2770000A87E /* AccountDetailTableViewCell.swift in Sources */,
				E5DA03DA1C488CA000FAD1D7 /* WSLazyImage.swift in Sources */,
				E56CC08A1BFD22D800AAF973 /* HostSearchViewController.swift in Sources */,
				E53548EC1C69AA8E00E22C3D /* WSUserDefaultsKeys.swift in Sources */,
				E50FD8A21C053A42004D38A3 /* MapTileServerURLTemplate.swift in Sources */,
				E5A9F11C1C532BC5006D6499 /* WSMessageThreadsUpdater.swift in Sources */,
				E54276821C3E54BA00047029 /* WSPhoneNumberType.swift in Sources */,
				E5DA03D81C488AE900FAD1D7 /* WSLazyImageTableViewCell.swift in Sources */,
				E5DA03D11C4887E700FAD1D7 /* WSLazyImageTableViewController.swift in Sources */,
				E5AF1A8A1C58A44E0004806A /* MessageThreadsTableViewController+UITableViewDataSource.swift in Sources */,
				E54276751C3E0CE200047029 /* ComposeMessageBodyTableViewCell.swift in Sources */,
				E542768A1C41AAAF00047029 /* WSRecommendationMonths.swift in Sources */,
				E5DA03E81C49AE5300FAD1D7 /* HostListTableViewCell+WSLazyImageTableViewCell.swift in Sources */,
				E5A9F1211C55F79A006D6499 /* WSProgressHUD.swift in Sources */,
				E5F6F30F1C2FE3360000A87E /* ProfileImageTableViewCell.swift in Sources */,
				E5D96AF81BFB1CA700AFAFEE /* AppDelegate.swift in Sources */,
				E5DA04011C4CDE6500FAD1D7 /* SpinnerTableViewCell.swift in Sources */,
				E5700C521C44CB64008C8A87 /* ComposeMessageViewController+UITextViewDelegate.swift in Sources */,
				E54276881C3E83E500047029 /* CreateFeedbackTableViewController+UIPickerViewDataSource.swift in Sources */,
				E5D961521C61FC75004E1F31 /* WSStore.swift in Sources */,
				E542767E1C3E544600047029 /* WSRecommendationRating.swift in Sources */,
				E5AF1A8D1C58A49A0004806A /* MessageThreadsTableViewController+UITableViewDelegate.swift in Sources */,
				E5967BB21C38A11E0037F4B7 /* FeedbackTableViewController.swift in Sources */,
				E53BA74B1C76AE8C0076E825 /* WSEntity.swift in Sources */,
				E5967BA31C361A9F0037F4B7 /* ContactTableViewCell.swift in Sources */,
				E5967BB41C38A8ED0037F4B7 /* WSRecommendation.swift in Sources */,
				E5F6F3111C3122740000A87E /* HostingInfoTableViewCell.swift in Sources */,
				E5967BCE1C39DBC00037F4B7 /* CDWSUser+CoreDataProperties.swift in Sources */,
				E5AF670C1C576CAE00AC17A1 /* ComposeMessageViewController+UITableViewDelegate.swift in Sources */,
				E5AF67081C56DD7F00AC17A1 /* WSLoginManager.swift in Sources */,
				E5F6F3191C3289060000A87E /* AccountTableViewController+SegmentTableViewCellActions.swift in Sources */,
				E54276781C3E374400047029 /* CreateFeedbackTableViewController.swift in Sources */,
				E5DA03F41C4A412C00FAD1D7 /* WSRequester.swift in Sources */,
				E54276731C3E0CC900047029 /* ComposeMessageDetailTableViewCell.swift in Sources */,
				E5967BCC1C39DBC00037F4B7 /* CDWSMessage+CoreDataProperties.swift in Sources */,
				E542768E1C44947300047029 /* FeedbackBodyTableViewCell.swift in Sources */,
				E5700C581C45C057008C8A87 /* HostListTableViewController.swift in Sources */,
				E56CC0921BFD569500AAF973 /* SwitchTableViewCell.swift in Sources */,
				E5F6F3151C313F340000A87E /* SegmentTableViewCell.swift in Sources */,
				E5AF1A881C58A41A0004806A /* MessageThreadTableViewController+UITableViewDataSource.swift in Sources */,
				E5967BA71C3620470037F4B7 /* WSPhoneNumber.swift in Sources */,
				E542768C1C41B10300047029 /* FeedbackOptionTableViewCell.swift in Sources */,
				E52E8AA51C0BD8BF000391AB /* HostSearchViewController+UISearchResultsUpdating.swift in Sources */,
				E5AF670A1C576C6300AC17A1 /* ComposeMessageViewController+UITableViewDataSource.swift in Sources */,
				E54A572F1BFDC446000843A9 /* WSRequests.swift in Sources */,
				E5DA03E21C49185000FAD1D7 /* WSUserLocation+WSLazyImage.swift in Sources */,
				E5F6F30A1C2B36930000A87E /* WSRestfulService.swift in Sources */,
				E5DA03A71C46FCBB00FAD1D7 /* WSColor.swift in Sources */,
				E5967BCB1C39DBC00037F4B7 /* CDWSMessageThread.swift in Sources */,
				E5AF67061C56C24B00AC17A1 /* WSRequestDelegate.swift in Sources */,
				E54276901C44956F00047029 /* CreateFeedbackTableViewController+UITextViewDelegate.swift in Sources */,
				E53548EA1C69713900E22C3D /* WSLoginData.swift in Sources */,
				E54276861C3E78E000047029 /* CreateFeedbackTableViewController+UIPickerViewDelegate.swift in Sources */,
				E5967BCD1C39DBC00037F4B7 /* CDWSMessage.swift in Sources */,
				E536BFC61C7304980017E7B8 /* WSHostsByKeywordSearchManager.swift in Sources */,
				E5700C541C44EE51008C8A87 /* ComposeMessageViewController+UITextFieldDelegate.swift in Sources */,
				E5967BA91C36910C0037F4B7 /* AvailabilityTableViewCell.swift in Sources */,
				E5A9F1231C561971006D6499 /* WSHostsOnMapSearchManager.swift in Sources */,
				E5A84A6B1C8FBCE1007609A9 /* WSUser.swift in Sources */,
			);
			runOnlyForDeploymentPostprocessing = 0;
		};
		E5D96B061BFB1CA700AFAFEE /* Sources */ = {
			isa = PBXSourcesBuildPhase;
			buildActionMask = 2147483647;
			files = (
				E5D96B0F1BFB1CA700AFAFEE /* WarmshowersTests.swift in Sources */,
			);
			runOnlyForDeploymentPostprocessing = 0;
		};
		E5D96B111BFB1CA700AFAFEE /* Sources */ = {
			isa = PBXSourcesBuildPhase;
			buildActionMask = 2147483647;
			files = (
				E5D96B1A1BFB1CA700AFAFEE /* WarmshowersUITests.swift in Sources */,
			);
			runOnlyForDeploymentPostprocessing = 0;
		};
/* End PBXSourcesBuildPhase section */

/* Begin PBXTargetDependency section */
		E5D96B0C1BFB1CA700AFAFEE /* PBXTargetDependency */ = {
			isa = PBXTargetDependency;
			target = E5D96AF31BFB1CA700AFAFEE /* Warmshowers */;
			targetProxy = E5D96B0B1BFB1CA700AFAFEE /* PBXContainerItemProxy */;
		};
		E5D96B171BFB1CA700AFAFEE /* PBXTargetDependency */ = {
			isa = PBXTargetDependency;
			target = E5D96AF31BFB1CA700AFAFEE /* Warmshowers */;
			targetProxy = E5D96B161BFB1CA700AFAFEE /* PBXContainerItemProxy */;
		};
/* End PBXTargetDependency section */

/* Begin PBXVariantGroup section */
		E5D96AFD1BFB1CA700AFAFEE /* Main.storyboard */ = {
			isa = PBXVariantGroup;
			children = (
				E5D96AFE1BFB1CA700AFAFEE /* Base */,
			);
			name = Main.storyboard;
			sourceTree = "<group>";
		};
		E5D96B021BFB1CA700AFAFEE /* LaunchScreen.storyboard */ = {
			isa = PBXVariantGroup;
			children = (
				E5D96B031BFB1CA700AFAFEE /* Base */,
			);
			name = LaunchScreen.storyboard;
			sourceTree = "<group>";
		};
/* End PBXVariantGroup section */

/* Begin XCBuildConfiguration section */
		E5D96B1C1BFB1CA700AFAFEE /* Debug */ = {
			isa = XCBuildConfiguration;
			buildSettings = {
				ALWAYS_SEARCH_USER_PATHS = NO;
				CLANG_CXX_LANGUAGE_STANDARD = "gnu++0x";
				CLANG_CXX_LIBRARY = "libc++";
				CLANG_ENABLE_MODULES = YES;
				CLANG_ENABLE_OBJC_ARC = YES;
				CLANG_WARN_BOOL_CONVERSION = YES;
				CLANG_WARN_CONSTANT_CONVERSION = YES;
				CLANG_WARN_DIRECT_OBJC_ISA_USAGE = YES_ERROR;
				CLANG_WARN_EMPTY_BODY = YES;
				CLANG_WARN_ENUM_CONVERSION = YES;
				CLANG_WARN_INT_CONVERSION = YES;
				CLANG_WARN_OBJC_ROOT_CLASS = YES_ERROR;
				CLANG_WARN_UNREACHABLE_CODE = YES;
				CLANG_WARN__DUPLICATE_METHOD_MATCH = YES;
				"CODE_SIGN_IDENTITY[sdk=iphoneos*]" = "iPhone Developer";
				COPY_PHASE_STRIP = NO;
				DEBUG_INFORMATION_FORMAT = dwarf;
				ENABLE_STRICT_OBJC_MSGSEND = YES;
				ENABLE_TESTABILITY = YES;
				GCC_C_LANGUAGE_STANDARD = gnu99;
				GCC_DYNAMIC_NO_PIC = NO;
				GCC_NO_COMMON_BLOCKS = YES;
				GCC_OPTIMIZATION_LEVEL = 0;
				GCC_PREPROCESSOR_DEFINITIONS = (
					"DEBUG=1",
					"$(inherited)",
				);
				GCC_WARN_64_TO_32_BIT_CONVERSION = YES;
				GCC_WARN_ABOUT_RETURN_TYPE = YES_ERROR;
				GCC_WARN_UNDECLARED_SELECTOR = YES;
				GCC_WARN_UNINITIALIZED_AUTOS = YES_AGGRESSIVE;
				GCC_WARN_UNUSED_FUNCTION = YES;
				GCC_WARN_UNUSED_VARIABLE = YES;
				IPHONEOS_DEPLOYMENT_TARGET = 9.1;
				MTL_ENABLE_DEBUG_INFO = YES;
				ONLY_ACTIVE_ARCH = YES;
				SDKROOT = iphoneos;
				SWIFT_OBJC_BRIDGING_HEADER = "Warmshowers/kingpin-Bridging-Header.h";
				SWIFT_OPTIMIZATION_LEVEL = "-Onone";
				TARGETED_DEVICE_FAMILY = "1,2";
			};
			name = Debug;
		};
		E5D96B1D1BFB1CA700AFAFEE /* Release */ = {
			isa = XCBuildConfiguration;
			buildSettings = {
				ALWAYS_SEARCH_USER_PATHS = NO;
				CLANG_CXX_LANGUAGE_STANDARD = "gnu++0x";
				CLANG_CXX_LIBRARY = "libc++";
				CLANG_ENABLE_MODULES = YES;
				CLANG_ENABLE_OBJC_ARC = YES;
				CLANG_WARN_BOOL_CONVERSION = YES;
				CLANG_WARN_CONSTANT_CONVERSION = YES;
				CLANG_WARN_DIRECT_OBJC_ISA_USAGE = YES_ERROR;
				CLANG_WARN_EMPTY_BODY = YES;
				CLANG_WARN_ENUM_CONVERSION = YES;
				CLANG_WARN_INT_CONVERSION = YES;
				CLANG_WARN_OBJC_ROOT_CLASS = YES_ERROR;
				CLANG_WARN_UNREACHABLE_CODE = YES;
				CLANG_WARN__DUPLICATE_METHOD_MATCH = YES;
				"CODE_SIGN_IDENTITY[sdk=iphoneos*]" = "iPhone Developer";
				COPY_PHASE_STRIP = NO;
				DEBUG_INFORMATION_FORMAT = "dwarf-with-dsym";
				ENABLE_NS_ASSERTIONS = NO;
				ENABLE_STRICT_OBJC_MSGSEND = YES;
				GCC_C_LANGUAGE_STANDARD = gnu99;
				GCC_NO_COMMON_BLOCKS = YES;
				GCC_WARN_64_TO_32_BIT_CONVERSION = YES;
				GCC_WARN_ABOUT_RETURN_TYPE = YES_ERROR;
				GCC_WARN_UNDECLARED_SELECTOR = YES;
				GCC_WARN_UNINITIALIZED_AUTOS = YES_AGGRESSIVE;
				GCC_WARN_UNUSED_FUNCTION = YES;
				GCC_WARN_UNUSED_VARIABLE = YES;
				IPHONEOS_DEPLOYMENT_TARGET = 9.1;
				MTL_ENABLE_DEBUG_INFO = NO;
				ONLY_ACTIVE_ARCH = NO;
				SDKROOT = iphoneos;
				SWIFT_OBJC_BRIDGING_HEADER = "Warmshowers/kingpin-Bridging-Header.h";
				TARGETED_DEVICE_FAMILY = "1,2";
				VALIDATE_PRODUCT = YES;
			};
			name = Release;
		};
		E5D96B1F1BFB1CA700AFAFEE /* Debug */ = {
			isa = XCBuildConfiguration;
			baseConfigurationReference = E3FB3CCF89A82EEE1EDC2F21 /* Pods.debug.xcconfig */;
			buildSettings = {
				ASSETCATALOG_COMPILER_APPICON_NAME = AppIcon;
				CODE_SIGN_IDENTITY = "iPhone Developer";
				"CODE_SIGN_IDENTITY[sdk=iphoneos*]" = "iPhone Developer";
				INFOPLIST_FILE = Warmshowers/Info.plist;
				IPHONEOS_DEPLOYMENT_TARGET = 9.2;
				LD_RUNPATH_SEARCH_PATHS = "$(inherited) @executable_path/Frameworks";
				PRODUCT_BUNDLE_IDENTIFIER = com.rajanfernandez.Warmshowers.app;
				PRODUCT_NAME = "$(TARGET_NAME)";
				PROVISIONING_PROFILE = "";
				SWIFT_OBJC_BRIDGING_HEADER = "Warmshowers/kingpin-Bridging-Header.h";
				TARGETED_DEVICE_FAMILY = 1;
			};
			name = Debug;
		};
		E5D96B201BFB1CA700AFAFEE /* Release */ = {
			isa = XCBuildConfiguration;
			baseConfigurationReference = 67B2E52709A5EFB71A7262A4 /* Pods.release.xcconfig */;
			buildSettings = {
				ASSETCATALOG_COMPILER_APPICON_NAME = AppIcon;
				CODE_SIGN_IDENTITY = "iPhone Developer";
				"CODE_SIGN_IDENTITY[sdk=iphoneos*]" = "iPhone Developer";
				INFOPLIST_FILE = Warmshowers/Info.plist;
				IPHONEOS_DEPLOYMENT_TARGET = 9.2;
				LD_RUNPATH_SEARCH_PATHS = "$(inherited) @executable_path/Frameworks";
				PRODUCT_BUNDLE_IDENTIFIER = com.rajanfernandez.Warmshowers.app;
				PRODUCT_NAME = "$(TARGET_NAME)";
				PROVISIONING_PROFILE = "";
				SWIFT_OBJC_BRIDGING_HEADER = "Warmshowers/kingpin-Bridging-Header.h";
				TARGETED_DEVICE_FAMILY = 1;
			};
			name = Release;
		};
		E5D96B221BFB1CA700AFAFEE /* Debug */ = {
			isa = XCBuildConfiguration;
			buildSettings = {
				BUNDLE_LOADER = "$(TEST_HOST)";
				INFOPLIST_FILE = WarmshowersTests/Info.plist;
				LD_RUNPATH_SEARCH_PATHS = "$(inherited) @executable_path/Frameworks @loader_path/Frameworks";
				PRODUCT_BUNDLE_IDENTIFIER = com.example.WarmshowersTests;
				PRODUCT_NAME = "$(TARGET_NAME)";
				TEST_HOST = "$(BUILT_PRODUCTS_DIR)/Warmshowers.app/Warmshowers";
			};
			name = Debug;
		};
		E5D96B231BFB1CA700AFAFEE /* Release */ = {
			isa = XCBuildConfiguration;
			buildSettings = {
				BUNDLE_LOADER = "$(TEST_HOST)";
				INFOPLIST_FILE = WarmshowersTests/Info.plist;
				LD_RUNPATH_SEARCH_PATHS = "$(inherited) @executable_path/Frameworks @loader_path/Frameworks";
				PRODUCT_BUNDLE_IDENTIFIER = com.example.WarmshowersTests;
				PRODUCT_NAME = "$(TARGET_NAME)";
				TEST_HOST = "$(BUILT_PRODUCTS_DIR)/Warmshowers.app/Warmshowers";
			};
			name = Release;
		};
		E5D96B251BFB1CA700AFAFEE /* Debug */ = {
			isa = XCBuildConfiguration;
			buildSettings = {
				INFOPLIST_FILE = WarmshowersUITests/Info.plist;
				LD_RUNPATH_SEARCH_PATHS = "$(inherited) @executable_path/Frameworks @loader_path/Frameworks";
				PRODUCT_BUNDLE_IDENTIFIER = com.example.WarmshowersUITests;
				PRODUCT_NAME = "$(TARGET_NAME)";
				TEST_TARGET_NAME = Warmshowers;
				USES_XCTRUNNER = YES;
			};
			name = Debug;
		};
		E5D96B261BFB1CA700AFAFEE /* Release */ = {
			isa = XCBuildConfiguration;
			buildSettings = {
				INFOPLIST_FILE = WarmshowersUITests/Info.plist;
				LD_RUNPATH_SEARCH_PATHS = "$(inherited) @executable_path/Frameworks @loader_path/Frameworks";
				PRODUCT_BUNDLE_IDENTIFIER = com.example.WarmshowersUITests;
				PRODUCT_NAME = "$(TARGET_NAME)";
				TEST_TARGET_NAME = Warmshowers;
				USES_XCTRUNNER = YES;
			};
			name = Release;
		};
/* End XCBuildConfiguration section */

/* Begin XCConfigurationList section */
		E5D96AEF1BFB1CA700AFAFEE /* Build configuration list for PBXProject "Warmshowers" */ = {
			isa = XCConfigurationList;
			buildConfigurations = (
				E5D96B1C1BFB1CA700AFAFEE /* Debug */,
				E5D96B1D1BFB1CA700AFAFEE /* Release */,
			);
			defaultConfigurationIsVisible = 0;
			defaultConfigurationName = Release;
		};
		E5D96B1E1BFB1CA700AFAFEE /* Build configuration list for PBXNativeTarget "Warmshowers" */ = {
			isa = XCConfigurationList;
			buildConfigurations = (
				E5D96B1F1BFB1CA700AFAFEE /* Debug */,
				E5D96B201BFB1CA700AFAFEE /* Release */,
			);
			defaultConfigurationIsVisible = 0;
			defaultConfigurationName = Release;
		};
		E5D96B211BFB1CA700AFAFEE /* Build configuration list for PBXNativeTarget "WarmshowersTests" */ = {
			isa = XCConfigurationList;
			buildConfigurations = (
				E5D96B221BFB1CA700AFAFEE /* Debug */,
				E5D96B231BFB1CA700AFAFEE /* Release */,
			);
			defaultConfigurationIsVisible = 0;
			defaultConfigurationName = Release;
		};
		E5D96B241BFB1CA700AFAFEE /* Build configuration list for PBXNativeTarget "WarmshowersUITests" */ = {
			isa = XCConfigurationList;
			buildConfigurations = (
				E5D96B251BFB1CA700AFAFEE /* Debug */,
				E5D96B261BFB1CA700AFAFEE /* Release */,
			);
			defaultConfigurationIsVisible = 0;
			defaultConfigurationName = Release;
		};
/* End XCConfigurationList section */

/* Begin XCVersionGroup section */
		E52E8ABC1C0E463D000391AB /* Warmshowers.xcdatamodeld */ = {
			isa = XCVersionGroup;
			children = (
				E52E8ABD1C0E463D000391AB /* Warmshowers.xcdatamodel */,
			);
			currentVersion = E52E8ABD1C0E463D000391AB /* Warmshowers.xcdatamodel */;
			path = Warmshowers.xcdatamodeld;
			sourceTree = "<group>";
			versionGroupType = wrapper.xcdatamodel;
		};
/* End XCVersionGroup section */
	};
	rootObject = E5D96AEC1BFB1CA700AFAFEE /* Project object */;
}
